// !$*UTF8*$!
{
	archiveVersion = 1;
	classes = {
	};
	objectVersion = 46;
	objects = {

/* Begin PBXBuildFile section */
		6534B22D1815340F000F83E9 /* Foundation.framework in Frameworks */ = {isa = PBXBuildFile; fileRef = 6534B22C1815340F000F83E9 /* Foundation.framework */; };
		6534B22F1815340F000F83E9 /* CoreGraphics.framework in Frameworks */ = {isa = PBXBuildFile; fileRef = 6534B22E1815340F000F83E9 /* CoreGraphics.framework */; };
		6534B2311815340F000F83E9 /* UIKit.framework in Frameworks */ = {isa = PBXBuildFile; fileRef = 6534B2301815340F000F83E9 /* UIKit.framework */; };
		6534B2461815340F000F83E9 /* XCTest.framework in Frameworks */ = {isa = PBXBuildFile; fileRef = 6534B2451815340F000F83E9 /* XCTest.framework */; };
		6534B2471815340F000F83E9 /* Foundation.framework in Frameworks */ = {isa = PBXBuildFile; fileRef = 6534B22C1815340F000F83E9 /* Foundation.framework */; };
		6534B2481815340F000F83E9 /* UIKit.framework in Frameworks */ = {isa = PBXBuildFile; fileRef = 6534B2301815340F000F83E9 /* UIKit.framework */; };
		6534B2501815340F000F83E9 /* InfoPlist.strings in Resources */ = {isa = PBXBuildFile; fileRef = 6534B24E1815340F000F83E9 /* InfoPlist.strings */; };
		6534B2521815340F000F83E9 /* GDDriveTests.m in Sources */ = {isa = PBXBuildFile; fileRef = 6534B2511815340F000F83E9 /* GDDriveTests.m */; };
		6534B26718153577000F83E9 /* InfoPlist.strings in Resources */ = {isa = PBXBuildFile; fileRef = 6534B26218153577000F83E9 /* InfoPlist.strings */; };
		6534B26818153577000F83E9 /* Images.xcassets in Resources */ = {isa = PBXBuildFile; fileRef = 6534B26518153577000F83E9 /* Images.xcassets */; };
		6534B26918153577000F83E9 /* main.m in Sources */ = {isa = PBXBuildFile; fileRef = 6534B26618153577000F83E9 /* main.m */; };
		653A972F182B84DA000E4CAC /* GDDRealtimeDataToViewController.m in Sources */ = {isa = PBXBuildFile; fileRef = 653A972E182B84DA000E4CAC /* GDDRealtimeDataToViewController.m */; };
		6548481E181767B800586C62 /* Main_iPad.storyboard in Resources */ = {isa = PBXBuildFile; fileRef = 6548481A181767B800586C62 /* Main_iPad.storyboard */; };
		6548481F181767B800586C62 /* Main_iPhone.storyboard in Resources */ = {isa = PBXBuildFile; fileRef = 6548481C181767B800586C62 /* Main_iPhone.storyboard */; };
		65538B76181DFA18008D1DE0 /* config.plist in Resources */ = {isa = PBXBuildFile; fileRef = 65538B75181DFA18008D1DE0 /* config.plist */; };
		65571EFC1845872100A7C1B7 /* UIAlertView+Blocks.m in Sources */ = {isa = PBXBuildFile; fileRef = 65571EFB1845872100A7C1B7 /* UIAlertView+Blocks.m */; };
		65571F02184587AC00A7C1B7 /* UIColor+GDDColorSchemes.m in Sources */ = {isa = PBXBuildFile; fileRef = 65571F01184587AC00A7C1B7 /* UIColor+GDDColorSchemes.m */; };
		65571F05184588F600A7C1B7 /* UIImageView+MKNetworkKitAdditions.m in Sources */ = {isa = PBXBuildFile; fileRef = 65571F04184588F600A7C1B7 /* UIImageView+MKNetworkKitAdditions.m */; };
		65571F0F184599A200A7C1B7 /* GDDPlayPDFViewController_ipad.m in Sources */ = {isa = PBXBuildFile; fileRef = 65571F0B184599A200A7C1B7 /* GDDPlayPDFViewController_ipad.m */; };
		65571F10184599A200A7C1B7 /* GDDPlayPNGAndJPGViewController_ipad.m in Sources */ = {isa = PBXBuildFile; fileRef = 65571F0D184599A200A7C1B7 /* GDDPlayPNGAndJPGViewController_ipad.m */; };
		65571F11184599A200A7C1B7 /* GDDPlayPNGAndJPGViewController_ipad.xib in Resources */ = {isa = PBXBuildFile; fileRef = 65571F0E184599A200A7C1B7 /* GDDPlayPNGAndJPGViewController_ipad.xib */; };
		65571F1A1845D8BF00A7C1B7 /* GDDPlayMovieViewController_ipad.m in Sources */ = {isa = PBXBuildFile; fileRef = 65571F181845D8BE00A7C1B7 /* GDDPlayMovieViewController_ipad.m */; };
		65571F1B1845D8BF00A7C1B7 /* GDDPlayMovieViewController_ipad.xib in Resources */ = {isa = PBXBuildFile; fileRef = 65571F191845D8BE00A7C1B7 /* GDDPlayMovieViewController_ipad.xib */; };
		65571F221846D7E300A7C1B7 /* AVFoundation.framework in Frameworks */ = {isa = PBXBuildFile; fileRef = 65571F211846D7E300A7C1B7 /* AVFoundation.framework */; };
		65571F2B1846E27900A7C1B7 /* GDDPlayAudioViewController_ipad.m in Sources */ = {isa = PBXBuildFile; fileRef = 65571F291846E27900A7C1B7 /* GDDPlayAudioViewController_ipad.m */; };
		65571F2C1846E27900A7C1B7 /* GDDPlayAudioViewController_ipad.xib in Resources */ = {isa = PBXBuildFile; fileRef = 65571F2A1846E27900A7C1B7 /* GDDPlayAudioViewController_ipad.xib */; };
		65571F2F18482CF000A7C1B7 /* GDDRealtimeEngine.m in Sources */ = {isa = PBXBuildFile; fileRef = 65571F2E18482CF000A7C1B7 /* GDDRealtimeEngine.m */; };
		65571F3318482F4900A7C1B7 /* GDDLoginViewController_ipad.m in Sources */ = {isa = PBXBuildFile; fileRef = 65571F3118482F4900A7C1B7 /* GDDLoginViewController_ipad.m */; };
		65571F3418482F4900A7C1B7 /* GDDLoginViewController_ipad.xib in Resources */ = {isa = PBXBuildFile; fileRef = 65571F3218482F4900A7C1B7 /* GDDLoginViewController_ipad.xib */; };
		65571F3618483D1700A7C1B7 /* Sign_in.png in Resources */ = {isa = PBXBuildFile; fileRef = 65571F3518483D1700A7C1B7 /* Sign_in.png */; };
		65571F3A18483DD100A7C1B7 /* Sign_bg.jpg in Resources */ = {isa = PBXBuildFile; fileRef = 65571F3918483DD100A7C1B7 /* Sign_bg.jpg */; };
		65571F40184885D500A7C1B7 /* GDDPlistHelper.m in Sources */ = {isa = PBXBuildFile; fileRef = 65571F3F184885D500A7C1B7 /* GDDPlistHelper.m */; };
		65571F47184C2AA900A7C1B7 /* seting.png in Resources */ = {isa = PBXBuildFile; fileRef = 65571F46184C2AA900A7C1B7 /* seting.png */; };
		65571F4D184C31DD00A7C1B7 /* GDDLoginView_ipad.m in Sources */ = {isa = PBXBuildFile; fileRef = 65571F4C184C31DD00A7C1B7 /* GDDLoginView_ipad.m */; };
		65571F51184C323300A7C1B7 /* GDDLoginView_ipad.xib in Resources */ = {isa = PBXBuildFile; fileRef = 65571F50184C323300A7C1B7 /* GDDLoginView_ipad.xib */; };
		65571F54184C3EAF00A7C1B7 /* BaseModel.m in Sources */ = {isa = PBXBuildFile; fileRef = 65571F53184C3EAF00A7C1B7 /* BaseModel.m */; };
		65571F57184C3EE800A7C1B7 /* GDDLoginMessageModel.m in Sources */ = {isa = PBXBuildFile; fileRef = 65571F56184C3EE800A7C1B7 /* GDDLoginMessageModel.m */; };
		655927BE1834B42E0031EB1F /* favicons_icon.png in Resources */ = {isa = PBXBuildFile; fileRef = 655927BD1834B42E0031EB1F /* favicons_icon.png */; };
		655DAB27183B5B4300703FA4 /* GDDContentListCell_ipad.m in Sources */ = {isa = PBXBuildFile; fileRef = 655DAB22183B5B4300703FA4 /* GDDContentListCell_ipad.m */; };
		655DAB28183B5B4300703FA4 /* GDDContentListCell_ipad.xib in Resources */ = {isa = PBXBuildFile; fileRef = 655DAB23183B5B4300703FA4 /* GDDContentListCell_ipad.xib */; };
		655DAB29183B5B4300703FA4 /* GDDMenuRootCell_ipad.m in Sources */ = {isa = PBXBuildFile; fileRef = 655DAB25183B5B4300703FA4 /* GDDMenuRootCell_ipad.m */; };
		655DAB2A183B5B4300703FA4 /* GDDMenuRootCell_ipad.xib in Resources */ = {isa = PBXBuildFile; fileRef = 655DAB26183B5B4300703FA4 /* GDDMenuRootCell_ipad.xib */; };
		655DAB2D183B637200703FA4 /* MediaPlayer.framework in Frameworks */ = {isa = PBXBuildFile; fileRef = 655DAB2C183B637200703FA4 /* MediaPlayer.framework */; };
		655DAB3C183C49D300703FA4 /* loading.jpg in Resources */ = {isa = PBXBuildFile; fileRef = 655DAB3B183C49D300703FA4 /* loading.jpg */; };
		655DAB43183C51F300703FA4 /* GDDEngine.m in Sources */ = {isa = PBXBuildFile; fileRef = 655DAB42183C51F300703FA4 /* GDDEngine.m */; };
		655DAB49183C55C800703FA4 /* GDDFlickrEngine.m in Sources */ = {isa = PBXBuildFile; fileRef = 655DAB48183C55C800703FA4 /* GDDFlickrEngine.m */; };
		655DAB50183CC32400703FA4 /* GDDGenreDictionary.m in Sources */ = {isa = PBXBuildFile; fileRef = 655DAB4F183CC32400703FA4 /* GDDGenreDictionary.m */; };
		655DAB8D183E1C0F00703FA4 /* default_type_class.png in Resources */ = {isa = PBXBuildFile; fileRef = 655DAB7D183E1C0F00703FA4 /* default_type_class.png */; };
		655DAB8E183E1C0F00703FA4 /* default_type_folder.png in Resources */ = {isa = PBXBuildFile; fileRef = 655DAB7E183E1C0F00703FA4 /* default_type_folder.png */; };
		655DAB8F183E1C0F00703FA4 /* default_type_jpg.png in Resources */ = {isa = PBXBuildFile; fileRef = 655DAB7F183E1C0F00703FA4 /* default_type_jpg.png */; };
		655DAB90183E1C0F00703FA4 /* default_type_mp3.png in Resources */ = {isa = PBXBuildFile; fileRef = 655DAB80183E1C0F00703FA4 /* default_type_mp3.png */; };
		655DAB91183E1C0F00703FA4 /* default_type_mp4.png in Resources */ = {isa = PBXBuildFile; fileRef = 655DAB81183E1C0F00703FA4 /* default_type_mp4.png */; };
		655DAB92183E1C0F00703FA4 /* default_type_pdf.png in Resources */ = {isa = PBXBuildFile; fileRef = 655DAB82183E1C0F00703FA4 /* default_type_pdf.png */; };
		655DAB93183E1C0F00703FA4 /* default_type_png.png in Resources */ = {isa = PBXBuildFile; fileRef = 655DAB83183E1C0F00703FA4 /* default_type_png.png */; };
		655DAB94183E1C0F00703FA4 /* default_type_swf.png in Resources */ = {isa = PBXBuildFile; fileRef = 655DAB84183E1C0F00703FA4 /* default_type_swf.png */; };
		655DAB95183E1C0F00703FA4 /* icon_type_class.png in Resources */ = {isa = PBXBuildFile; fileRef = 655DAB85183E1C0F00703FA4 /* icon_type_class.png */; };
		655DAB96183E1C0F00703FA4 /* icon_type_folder.png in Resources */ = {isa = PBXBuildFile; fileRef = 655DAB86183E1C0F00703FA4 /* icon_type_folder.png */; };
		655DAB97183E1C0F00703FA4 /* icon_type_jpg.png in Resources */ = {isa = PBXBuildFile; fileRef = 655DAB87183E1C0F00703FA4 /* icon_type_jpg.png */; };
		655DAB98183E1C0F00703FA4 /* icon_type_mp3.png in Resources */ = {isa = PBXBuildFile; fileRef = 655DAB88183E1C0F00703FA4 /* icon_type_mp3.png */; };
		655DAB99183E1C0F00703FA4 /* icon_type_mp4.png in Resources */ = {isa = PBXBuildFile; fileRef = 655DAB89183E1C0F00703FA4 /* icon_type_mp4.png */; };
		655DAB9A183E1C0F00703FA4 /* icon_type_pdf.png in Resources */ = {isa = PBXBuildFile; fileRef = 655DAB8A183E1C0F00703FA4 /* icon_type_pdf.png */; };
		655DAB9B183E1C0F00703FA4 /* icon_type_png.png in Resources */ = {isa = PBXBuildFile; fileRef = 655DAB8B183E1C0F00703FA4 /* icon_type_png.png */; };
		655DAB9C183E1C0F00703FA4 /* icon_type_swf.png in Resources */ = {isa = PBXBuildFile; fileRef = 655DAB8C183E1C0F00703FA4 /* icon_type_swf.png */; };
		655DAB9F183EF77600703FA4 /* GDDConstMapUtil.m in Sources */ = {isa = PBXBuildFile; fileRef = 655DAB9E183EF77500703FA4 /* GDDConstMapUtil.m */; };
		655DABB1183F084700703FA4 /* GDDOfflineContentListCell_ipad.xib in Resources */ = {isa = PBXBuildFile; fileRef = 655DABB0183F084700703FA4 /* GDDOfflineContentListCell_ipad.xib */; };
		655DABB4183F08CF00703FA4 /* GDDOfflineContentListCell_ipad.m in Sources */ = {isa = PBXBuildFile; fileRef = 655DABB3183F08CF00703FA4 /* GDDOfflineContentListCell_ipad.m */; };
		655DAC341842E47C00703FA4 /* GDDOffineFilesHelper.m in Sources */ = {isa = PBXBuildFile; fileRef = 655DAC331842E47C00703FA4 /* GDDOffineFilesHelper.m */; };
		6563BD5B1835B3BE0008F709 /* class_icon.png in Resources */ = {isa = PBXBuildFile; fileRef = 6563BD591835B3BE0008F709 /* class_icon.png */; };
		6563BD5C1835B3BE0008F709 /* offline_files_icon.png in Resources */ = {isa = PBXBuildFile; fileRef = 6563BD5A1835B3BE0008F709 /* offline_files_icon.png */; };
		6563BD821835C8EB0008F709 /* GDDMenuRootModel.m in Sources */ = {isa = PBXBuildFile; fileRef = 6563BD811835C8EB0008F709 /* GDDMenuRootModel.m */; };
		65818D2A1830C3C3001FF93C /* GDDAppDelegate.m in Sources */ = {isa = PBXBuildFile; fileRef = 65818D291830C3C3001FF93C /* GDDAppDelegate.m */; };
		65818D421831D131001FF93C /* GDDDescriptionMessageViewController_ipad.m in Sources */ = {isa = PBXBuildFile; fileRef = 65818D401831D131001FF93C /* GDDDescriptionMessageViewController_ipad.m */; };
		65818D431831D131001FF93C /* GDDDescriptionMessageViewController_ipad.xib in Resources */ = {isa = PBXBuildFile; fileRef = 65818D411831D131001FF93C /* GDDDescriptionMessageViewController_ipad.xib */; };
		6583BFBE187A821F00B5683C /* GDDBusProvider.m in Sources */ = {isa = PBXBuildFile; fileRef = 6583BFBD187A821F00B5683C /* GDDBusProvider.m */; };
		6583BFC2187A894600B5683C /* GDDEquipmentView.m in Sources */ = {isa = PBXBuildFile; fileRef = 6583BFC0187A894600B5683C /* GDDEquipmentView.m */; };
		6583BFC3187A894600B5683C /* GDDEquipmentView.xib in Resources */ = {isa = PBXBuildFile; fileRef = 6583BFC1187A894600B5683C /* GDDEquipmentView.xib */; };
		6583BFC7187A8AE900B5683C /* GDDMenuRootController.m in Sources */ = {isa = PBXBuildFile; fileRef = 6583BFC5187A8AE900B5683C /* GDDMenuRootController.m */; };
		6583BFC8187A8AE900B5683C /* GDDMenuRootController.xib in Resources */ = {isa = PBXBuildFile; fileRef = 6583BFC6187A8AE900B5683C /* GDDMenuRootController.xib */; };
		65A524DB184327710030F958 /* cell_selected_style_black.png in Resources */ = {isa = PBXBuildFile; fileRef = 65A524DA184327710030F958 /* cell_selected_style_black.png */; };
		65A63A4D18220145004B6A18 /* GDDUIBarButtonItem.m in Sources */ = {isa = PBXBuildFile; fileRef = 65A63A4C18220145004B6A18 /* GDDUIBarButtonItem.m */; };
		65B32F5A187CF38D0028026C /* PSStackedViewControllerDecorate.m in Sources */ = {isa = PBXBuildFile; fileRef = 65B32F59187CF38D0028026C /* PSStackedViewControllerDecorate.m */; };
		65B32F5E187D27220028026C /* GDDEquipmentModel.m in Sources */ = {isa = PBXBuildFile; fileRef = 65B32F5D187D27220028026C /* GDDEquipmentModel.m */; };
		65B32F66187D470B0028026C /* GDDFolderCell.m in Sources */ = {isa = PBXBuildFile; fileRef = 65B32F61187D470B0028026C /* GDDFolderCell.m */; };
		65B32F67187D470B0028026C /* GDDFolderCell.xib in Resources */ = {isa = PBXBuildFile; fileRef = 65B32F62187D470B0028026C /* GDDFolderCell.xib */; };
		65B32F68187D470B0028026C /* GDDHeXieViewController.m in Sources */ = {isa = PBXBuildFile; fileRef = 65B32F64187D470B0028026C /* GDDHeXieViewController.m */; };
		65B32F69187D470B0028026C /* GDDHeXieViewController.xib in Resources */ = {isa = PBXBuildFile; fileRef = 65B32F65187D470B0028026C /* GDDHeXieViewController.xib */; };
		65CA0CE3185165AB005249BB /* NSMutableDictionary+SafeSetObject.m in Sources */ = {isa = PBXBuildFile; fileRef = 65CA0CE2185165AB005249BB /* NSMutableDictionary+SafeSetObject.m */; };
		65CA0D0B1856C9DF005249BB /* GDDDownloadingState.m in Sources */ = {isa = PBXBuildFile; fileRef = 65CA0D021856C9DF005249BB /* GDDDownloadingState.m */; };
		65CA0D0C1856C9DF005249BB /* GDDFinishDownloadState.m in Sources */ = {isa = PBXBuildFile; fileRef = 65CA0D041856C9DF005249BB /* GDDFinishDownloadState.m */; };
		65CA0D0D1856C9DF005249BB /* GDDPauseDownloadState.m in Sources */ = {isa = PBXBuildFile; fileRef = 65CA0D061856C9DF005249BB /* GDDPauseDownloadState.m */; };
		65CA0D0E1856C9DF005249BB /* GDDUnDownloadState.m in Sources */ = {isa = PBXBuildFile; fileRef = 65CA0D081856C9DF005249BB /* GDDUnDownloadState.m */; };
		65CA0D0F1856C9DF005249BB /* GDDWillDownloadState.m in Sources */ = {isa = PBXBuildFile; fileRef = 65CA0D0A1856C9DF005249BB /* GDDWillDownloadState.m */; };
		65CA0D1318570016005249BB /* GDDDownloadWorkContext.m in Sources */ = {isa = PBXBuildFile; fileRef = 65CA0D1218570016005249BB /* GDDDownloadWorkContext.m */; };
		65CA0D2418598B7B005249BB /* GDDClassViewController_iPad.m in Sources */ = {isa = PBXBuildFile; fileRef = 65CA0D1C18598B7B005249BB /* GDDClassViewController_iPad.m */; };
		65CA0D2518598B7B005249BB /* GDDFaviconsViewController_iPad.m in Sources */ = {isa = PBXBuildFile; fileRef = 65CA0D1E18598B7B005249BB /* GDDFaviconsViewController_iPad.m */; };
		65CA0D2618598B7B005249BB /* GDDMainViewController_ipad.m in Sources */ = {isa = PBXBuildFile; fileRef = 65CA0D2018598B7B005249BB /* GDDMainViewController_ipad.m */; };
		65CA0D2718598B7B005249BB /* GDDMainViewController_ipad.xib in Resources */ = {isa = PBXBuildFile; fileRef = 65CA0D2118598B7B005249BB /* GDDMainViewController_ipad.xib */; };
		65CA0D2818598B7B005249BB /* GDDOfflineFilesViewController_iPad.m in Sources */ = {isa = PBXBuildFile; fileRef = 65CA0D2318598B7B005249BB /* GDDOfflineFilesViewController_iPad.m */; };
		65DDDB4D186A8B560064DCBA /* AppDelegate.m in Sources */ = {isa = PBXBuildFile; fileRef = 65DDDB4C186A8B560064DCBA /* AppDelegate.m */; };
		65DDDB57186ABA5D0064DCBA /* GDDRemoteControlViewController.m in Sources */ = {isa = PBXBuildFile; fileRef = 65DDDB55186ABA5D0064DCBA /* GDDRemoteControlViewController.m */; };
		65DDDB58186ABA5D0064DCBA /* GDDRemoteControlViewController.xib in Resources */ = {isa = PBXBuildFile; fileRef = 65DDDB56186ABA5D0064DCBA /* GDDRemoteControlViewController.xib */; };
		65DDDB5D186D29850064DCBA /* CoreTelephony.framework in Frameworks */ = {isa = PBXBuildFile; fileRef = 65DDDB5C186D29850064DCBA /* CoreTelephony.framework */; };
		65DDDB6118725FA30064DCBA /* MultipeerConnectivity.framework in Frameworks */ = {isa = PBXBuildFile; fileRef = 65DDDB6018725FA30064DCBA /* MultipeerConnectivity.framework */; };
		65EA26571833138B00077EF4 /* GDDMenuRootController_ipad.m in Sources */ = {isa = PBXBuildFile; fileRef = 65EA26551833138B00077EF4 /* GDDMenuRootController_ipad.m */; };
		65EA26581833138B00077EF4 /* GDDMenuRootController_ipad.xib in Resources */ = {isa = PBXBuildFile; fileRef = 65EA26561833138B00077EF4 /* GDDMenuRootController_ipad.xib */; };
		773E070449474D719289E8E7 /* libPods.a in Frameworks */ = {isa = PBXBuildFile; fileRef = 1763A91962AF40D8ABD7D5A7 /* libPods.a */; };
/* End PBXBuildFile section */

/* Begin PBXContainerItemProxy section */
		6534B2491815340F000F83E9 /* PBXContainerItemProxy */ = {
			isa = PBXContainerItemProxy;
			containerPortal = 6534B2211815340F000F83E9 /* Project object */;
			proxyType = 1;
			remoteGlobalIDString = 6534B2281815340F000F83E9;
			remoteInfo = GDDrive;
		};
/* End PBXContainerItemProxy section */

/* Begin PBXFileReference section */
		1763A91962AF40D8ABD7D5A7 /* libPods.a */ = {isa = PBXFileReference; explicitFileType = archive.ar; includeInIndex = 0; path = libPods.a; sourceTree = BUILT_PRODUCTS_DIR; };
		6534B2291815340F000F83E9 /* GDDrive.app */ = {isa = PBXFileReference; explicitFileType = wrapper.application; includeInIndex = 0; path = GDDrive.app; sourceTree = BUILT_PRODUCTS_DIR; };
		6534B22C1815340F000F83E9 /* Foundation.framework */ = {isa = PBXFileReference; lastKnownFileType = wrapper.framework; name = Foundation.framework; path = System/Library/Frameworks/Foundation.framework; sourceTree = SDKROOT; };
		6534B22E1815340F000F83E9 /* CoreGraphics.framework */ = {isa = PBXFileReference; lastKnownFileType = wrapper.framework; name = CoreGraphics.framework; path = System/Library/Frameworks/CoreGraphics.framework; sourceTree = SDKROOT; };
		6534B2301815340F000F83E9 /* UIKit.framework */ = {isa = PBXFileReference; lastKnownFileType = wrapper.framework; name = UIKit.framework; path = System/Library/Frameworks/UIKit.framework; sourceTree = SDKROOT; };
		6534B2341815340F000F83E9 /* GDDrive-Info.plist */ = {isa = PBXFileReference; lastKnownFileType = text.plist.xml; path = "GDDrive-Info.plist"; sourceTree = "<group>"; };
		6534B2441815340F000F83E9 /* GDDriveTests.xctest */ = {isa = PBXFileReference; explicitFileType = wrapper.cfbundle; includeInIndex = 0; path = GDDriveTests.xctest; sourceTree = BUILT_PRODUCTS_DIR; };
		6534B2451815340F000F83E9 /* XCTest.framework */ = {isa = PBXFileReference; lastKnownFileType = wrapper.framework; name = XCTest.framework; path = Library/Frameworks/XCTest.framework; sourceTree = DEVELOPER_DIR; };
		6534B24D1815340F000F83E9 /* GDDriveTests-Info.plist */ = {isa = PBXFileReference; lastKnownFileType = text.plist.xml; path = "GDDriveTests-Info.plist"; sourceTree = "<group>"; };
		6534B24F1815340F000F83E9 /* en */ = {isa = PBXFileReference; lastKnownFileType = text.plist.strings; name = en; path = en.lproj/InfoPlist.strings; sourceTree = "<group>"; };
		6534B2511815340F000F83E9 /* GDDriveTests.m */ = {isa = PBXFileReference; lastKnownFileType = sourcecode.c.objc; path = GDDriveTests.m; sourceTree = "<group>"; };
		6534B26318153577000F83E9 /* en */ = {isa = PBXFileReference; lastKnownFileType = text.plist.strings; name = en; path = InfoPlist.strings; sourceTree = "<group>"; };
		6534B26418153577000F83E9 /* GDDrive-Prefix.pch */ = {isa = PBXFileReference; fileEncoding = 4; lastKnownFileType = sourcecode.c.h; path = "GDDrive-Prefix.pch"; sourceTree = "<group>"; };
		6534B26518153577000F83E9 /* Images.xcassets */ = {isa = PBXFileReference; lastKnownFileType = folder.assetcatalog; path = Images.xcassets; sourceTree = "<group>"; };
		6534B26618153577000F83E9 /* main.m */ = {isa = PBXFileReference; fileEncoding = 4; lastKnownFileType = sourcecode.c.objc; path = main.m; sourceTree = "<group>"; };
		653A972C182B75AB000E4CAC /* GDRealtimeProtocol.h */ = {isa = PBXFileReference; lastKnownFileType = sourcecode.c.h; path = GDRealtimeProtocol.h; sourceTree = "<group>"; };
		653A972D182B84DA000E4CAC /* GDDRealtimeDataToViewController.h */ = {isa = PBXFileReference; fileEncoding = 4; lastKnownFileType = sourcecode.c.h; path = GDDRealtimeDataToViewController.h; sourceTree = "<group>"; };
		653A972E182B84DA000E4CAC /* GDDRealtimeDataToViewController.m */ = {isa = PBXFileReference; fileEncoding = 4; lastKnownFileType = sourcecode.c.objc; path = GDDRealtimeDataToViewController.m; sourceTree = "<group>"; };
		6548481B181767B800586C62 /* Base */ = {isa = PBXFileReference; lastKnownFileType = file.storyboard; name = Base; path = Base.lproj/Main_iPad.storyboard; sourceTree = "<group>"; };
		6548481D181767B800586C62 /* Base */ = {isa = PBXFileReference; lastKnownFileType = file.storyboard; name = Base; path = Base.lproj/Main_iPhone.storyboard; sourceTree = "<group>"; };
		65538B75181DFA18008D1DE0 /* config.plist */ = {isa = PBXFileReference; fileEncoding = 4; lastKnownFileType = text.plist.xml; path = config.plist; sourceTree = "<group>"; };
		65571EFA1845872100A7C1B7 /* UIAlertView+Blocks.h */ = {isa = PBXFileReference; fileEncoding = 4; lastKnownFileType = sourcecode.c.h; path = "UIAlertView+Blocks.h"; sourceTree = "<group>"; };
		65571EFB1845872100A7C1B7 /* UIAlertView+Blocks.m */ = {isa = PBXFileReference; fileEncoding = 4; lastKnownFileType = sourcecode.c.objc; path = "UIAlertView+Blocks.m"; sourceTree = "<group>"; };
		65571F00184587AC00A7C1B7 /* UIColor+GDDColorSchemes.h */ = {isa = PBXFileReference; fileEncoding = 4; lastKnownFileType = sourcecode.c.h; path = "UIColor+GDDColorSchemes.h"; sourceTree = "<group>"; };
		65571F01184587AC00A7C1B7 /* UIColor+GDDColorSchemes.m */ = {isa = PBXFileReference; fileEncoding = 4; lastKnownFileType = sourcecode.c.objc; path = "UIColor+GDDColorSchemes.m"; sourceTree = "<group>"; };
		65571F03184588F600A7C1B7 /* UIImageView+MKNetworkKitAdditions.h */ = {isa = PBXFileReference; fileEncoding = 4; lastKnownFileType = sourcecode.c.h; path = "UIImageView+MKNetworkKitAdditions.h"; sourceTree = "<group>"; };
		65571F04184588F600A7C1B7 /* UIImageView+MKNetworkKitAdditions.m */ = {isa = PBXFileReference; fileEncoding = 4; lastKnownFileType = sourcecode.c.objc; path = "UIImageView+MKNetworkKitAdditions.m"; sourceTree = "<group>"; };
		65571F0A184599A200A7C1B7 /* GDDPlayPDFViewController_ipad.h */ = {isa = PBXFileReference; fileEncoding = 4; lastKnownFileType = sourcecode.c.h; path = GDDPlayPDFViewController_ipad.h; sourceTree = "<group>"; };
		65571F0B184599A200A7C1B7 /* GDDPlayPDFViewController_ipad.m */ = {isa = PBXFileReference; fileEncoding = 4; lastKnownFileType = sourcecode.c.objc; path = GDDPlayPDFViewController_ipad.m; sourceTree = "<group>"; };
		65571F0C184599A200A7C1B7 /* GDDPlayPNGAndJPGViewController_ipad.h */ = {isa = PBXFileReference; fileEncoding = 4; lastKnownFileType = sourcecode.c.h; path = GDDPlayPNGAndJPGViewController_ipad.h; sourceTree = "<group>"; };
		65571F0D184599A200A7C1B7 /* GDDPlayPNGAndJPGViewController_ipad.m */ = {isa = PBXFileReference; fileEncoding = 4; lastKnownFileType = sourcecode.c.objc; path = GDDPlayPNGAndJPGViewController_ipad.m; sourceTree = "<group>"; };
		65571F0E184599A200A7C1B7 /* GDDPlayPNGAndJPGViewController_ipad.xib */ = {isa = PBXFileReference; fileEncoding = 4; lastKnownFileType = file.xib; path = GDDPlayPNGAndJPGViewController_ipad.xib; sourceTree = "<group>"; };
		65571F171845D8BE00A7C1B7 /* GDDPlayMovieViewController_ipad.h */ = {isa = PBXFileReference; fileEncoding = 4; lastKnownFileType = sourcecode.c.h; path = GDDPlayMovieViewController_ipad.h; sourceTree = "<group>"; };
		65571F181845D8BE00A7C1B7 /* GDDPlayMovieViewController_ipad.m */ = {isa = PBXFileReference; fileEncoding = 4; lastKnownFileType = sourcecode.c.objc; path = GDDPlayMovieViewController_ipad.m; sourceTree = "<group>"; };
		65571F191845D8BE00A7C1B7 /* GDDPlayMovieViewController_ipad.xib */ = {isa = PBXFileReference; fileEncoding = 4; lastKnownFileType = file.xib; path = GDDPlayMovieViewController_ipad.xib; sourceTree = "<group>"; };
		65571F211846D7E300A7C1B7 /* AVFoundation.framework */ = {isa = PBXFileReference; lastKnownFileType = wrapper.framework; name = AVFoundation.framework; path = System/Library/Frameworks/AVFoundation.framework; sourceTree = SDKROOT; };
		65571F281846E27900A7C1B7 /* GDDPlayAudioViewController_ipad.h */ = {isa = PBXFileReference; fileEncoding = 4; lastKnownFileType = sourcecode.c.h; path = GDDPlayAudioViewController_ipad.h; sourceTree = "<group>"; };
		65571F291846E27900A7C1B7 /* GDDPlayAudioViewController_ipad.m */ = {isa = PBXFileReference; fileEncoding = 4; lastKnownFileType = sourcecode.c.objc; path = GDDPlayAudioViewController_ipad.m; sourceTree = "<group>"; };
		65571F2A1846E27900A7C1B7 /* GDDPlayAudioViewController_ipad.xib */ = {isa = PBXFileReference; fileEncoding = 4; lastKnownFileType = file.xib; path = GDDPlayAudioViewController_ipad.xib; sourceTree = "<group>"; };
		65571F2D18482CF000A7C1B7 /* GDDRealtimeEngine.h */ = {isa = PBXFileReference; fileEncoding = 4; lastKnownFileType = sourcecode.c.h; path = GDDRealtimeEngine.h; sourceTree = "<group>"; };
		65571F2E18482CF000A7C1B7 /* GDDRealtimeEngine.m */ = {isa = PBXFileReference; fileEncoding = 4; lastKnownFileType = sourcecode.c.objc; path = GDDRealtimeEngine.m; sourceTree = "<group>"; };
		65571F3018482F4900A7C1B7 /* GDDLoginViewController_ipad.h */ = {isa = PBXFileReference; fileEncoding = 4; lastKnownFileType = sourcecode.c.h; path = GDDLoginViewController_ipad.h; sourceTree = "<group>"; };
		65571F3118482F4900A7C1B7 /* GDDLoginViewController_ipad.m */ = {isa = PBXFileReference; fileEncoding = 4; lastKnownFileType = sourcecode.c.objc; path = GDDLoginViewController_ipad.m; sourceTree = "<group>"; };
		65571F3218482F4900A7C1B7 /* GDDLoginViewController_ipad.xib */ = {isa = PBXFileReference; fileEncoding = 4; lastKnownFileType = file.xib; path = GDDLoginViewController_ipad.xib; sourceTree = "<group>"; };
		65571F3518483D1700A7C1B7 /* Sign_in.png */ = {isa = PBXFileReference; lastKnownFileType = image.png; path = Sign_in.png; sourceTree = "<group>"; };
		65571F3918483DD100A7C1B7 /* Sign_bg.jpg */ = {isa = PBXFileReference; lastKnownFileType = image.jpeg; path = Sign_bg.jpg; sourceTree = "<group>"; };
		65571F3E184885D500A7C1B7 /* GDDPlistHelper.h */ = {isa = PBXFileReference; fileEncoding = 4; lastKnownFileType = sourcecode.c.h; path = GDDPlistHelper.h; sourceTree = "<group>"; };
		65571F3F184885D500A7C1B7 /* GDDPlistHelper.m */ = {isa = PBXFileReference; fileEncoding = 4; lastKnownFileType = sourcecode.c.objc; path = GDDPlistHelper.m; sourceTree = "<group>"; };
		65571F46184C2AA900A7C1B7 /* seting.png */ = {isa = PBXFileReference; lastKnownFileType = image.png; path = seting.png; sourceTree = "<group>"; };
		65571F4B184C31DD00A7C1B7 /* GDDLoginView_ipad.h */ = {isa = PBXFileReference; fileEncoding = 4; lastKnownFileType = sourcecode.c.h; path = GDDLoginView_ipad.h; sourceTree = "<group>"; };
		65571F4C184C31DD00A7C1B7 /* GDDLoginView_ipad.m */ = {isa = PBXFileReference; fileEncoding = 4; lastKnownFileType = sourcecode.c.objc; path = GDDLoginView_ipad.m; sourceTree = "<group>"; };
		65571F50184C323300A7C1B7 /* GDDLoginView_ipad.xib */ = {isa = PBXFileReference; fileEncoding = 4; lastKnownFileType = file.xib; path = GDDLoginView_ipad.xib; sourceTree = "<group>"; };
		65571F52184C3EAF00A7C1B7 /* BaseModel.h */ = {isa = PBXFileReference; fileEncoding = 4; lastKnownFileType = sourcecode.c.h; path = BaseModel.h; sourceTree = "<group>"; };
		65571F53184C3EAF00A7C1B7 /* BaseModel.m */ = {isa = PBXFileReference; fileEncoding = 4; lastKnownFileType = sourcecode.c.objc; path = BaseModel.m; sourceTree = "<group>"; };
		65571F55184C3EE800A7C1B7 /* GDDLoginMessageModel.h */ = {isa = PBXFileReference; fileEncoding = 4; lastKnownFileType = sourcecode.c.h; path = GDDLoginMessageModel.h; sourceTree = "<group>"; };
		65571F56184C3EE800A7C1B7 /* GDDLoginMessageModel.m */ = {isa = PBXFileReference; fileEncoding = 4; lastKnownFileType = sourcecode.c.objc; path = GDDLoginMessageModel.m; sourceTree = "<group>"; };
		655927BD1834B42E0031EB1F /* favicons_icon.png */ = {isa = PBXFileReference; lastKnownFileType = image.png; path = favicons_icon.png; sourceTree = "<group>"; };
		655DAB21183B5B4300703FA4 /* GDDContentListCell_ipad.h */ = {isa = PBXFileReference; fileEncoding = 4; lastKnownFileType = sourcecode.c.h; path = GDDContentListCell_ipad.h; sourceTree = "<group>"; };
		655DAB22183B5B4300703FA4 /* GDDContentListCell_ipad.m */ = {isa = PBXFileReference; fileEncoding = 4; lastKnownFileType = sourcecode.c.objc; path = GDDContentListCell_ipad.m; sourceTree = "<group>"; };
		655DAB23183B5B4300703FA4 /* GDDContentListCell_ipad.xib */ = {isa = PBXFileReference; fileEncoding = 4; lastKnownFileType = file.xib; path = GDDContentListCell_ipad.xib; sourceTree = "<group>"; };
		655DAB24183B5B4300703FA4 /* GDDMenuRootCell_ipad.h */ = {isa = PBXFileReference; fileEncoding = 4; lastKnownFileType = sourcecode.c.h; path = GDDMenuRootCell_ipad.h; sourceTree = "<group>"; };
		655DAB25183B5B4300703FA4 /* GDDMenuRootCell_ipad.m */ = {isa = PBXFileReference; fileEncoding = 4; lastKnownFileType = sourcecode.c.objc; path = GDDMenuRootCell_ipad.m; sourceTree = "<group>"; };
		655DAB26183B5B4300703FA4 /* GDDMenuRootCell_ipad.xib */ = {isa = PBXFileReference; fileEncoding = 4; lastKnownFileType = file.xib; path = GDDMenuRootCell_ipad.xib; sourceTree = "<group>"; };
		655DAB2C183B637200703FA4 /* MediaPlayer.framework */ = {isa = PBXFileReference; lastKnownFileType = wrapper.framework; name = MediaPlayer.framework; path = System/Library/Frameworks/MediaPlayer.framework; sourceTree = SDKROOT; };
		655DAB3B183C49D300703FA4 /* loading.jpg */ = {isa = PBXFileReference; lastKnownFileType = image.jpeg; path = loading.jpg; sourceTree = "<group>"; };
		655DAB41183C51F300703FA4 /* GDDEngine.h */ = {isa = PBXFileReference; fileEncoding = 4; lastKnownFileType = sourcecode.c.h; path = GDDEngine.h; sourceTree = "<group>"; };
		655DAB42183C51F300703FA4 /* GDDEngine.m */ = {isa = PBXFileReference; fileEncoding = 4; lastKnownFileType = sourcecode.c.objc; path = GDDEngine.m; sourceTree = "<group>"; };
		655DAB47183C55C800703FA4 /* GDDFlickrEngine.h */ = {isa = PBXFileReference; fileEncoding = 4; lastKnownFileType = sourcecode.c.h; path = GDDFlickrEngine.h; sourceTree = "<group>"; };
		655DAB48183C55C800703FA4 /* GDDFlickrEngine.m */ = {isa = PBXFileReference; fileEncoding = 4; lastKnownFileType = sourcecode.c.objc; path = GDDFlickrEngine.m; sourceTree = "<group>"; };
		655DAB4E183CC32400703FA4 /* GDDGenreDictionary.h */ = {isa = PBXFileReference; fileEncoding = 4; lastKnownFileType = sourcecode.c.h; path = GDDGenreDictionary.h; sourceTree = "<group>"; };
		655DAB4F183CC32400703FA4 /* GDDGenreDictionary.m */ = {isa = PBXFileReference; fileEncoding = 4; lastKnownFileType = sourcecode.c.objc; path = GDDGenreDictionary.m; sourceTree = "<group>"; };
		655DAB53183D977200703FA4 /* RNAssert.h */ = {isa = PBXFileReference; fileEncoding = 4; lastKnownFileType = sourcecode.c.h; path = RNAssert.h; sourceTree = "<group>"; };
		655DAB7D183E1C0F00703FA4 /* default_type_class.png */ = {isa = PBXFileReference; lastKnownFileType = image.png; path = default_type_class.png; sourceTree = "<group>"; };
		655DAB7E183E1C0F00703FA4 /* default_type_folder.png */ = {isa = PBXFileReference; lastKnownFileType = image.png; path = default_type_folder.png; sourceTree = "<group>"; };
		655DAB7F183E1C0F00703FA4 /* default_type_jpg.png */ = {isa = PBXFileReference; lastKnownFileType = image.png; path = default_type_jpg.png; sourceTree = "<group>"; };
		655DAB80183E1C0F00703FA4 /* default_type_mp3.png */ = {isa = PBXFileReference; lastKnownFileType = image.png; path = default_type_mp3.png; sourceTree = "<group>"; };
		655DAB81183E1C0F00703FA4 /* default_type_mp4.png */ = {isa = PBXFileReference; lastKnownFileType = image.png; path = default_type_mp4.png; sourceTree = "<group>"; };
		655DAB82183E1C0F00703FA4 /* default_type_pdf.png */ = {isa = PBXFileReference; lastKnownFileType = image.png; path = default_type_pdf.png; sourceTree = "<group>"; };
		655DAB83183E1C0F00703FA4 /* default_type_png.png */ = {isa = PBXFileReference; lastKnownFileType = image.png; path = default_type_png.png; sourceTree = "<group>"; };
		655DAB84183E1C0F00703FA4 /* default_type_swf.png */ = {isa = PBXFileReference; lastKnownFileType = image.png; path = default_type_swf.png; sourceTree = "<group>"; };
		655DAB85183E1C0F00703FA4 /* icon_type_class.png */ = {isa = PBXFileReference; lastKnownFileType = image.png; path = icon_type_class.png; sourceTree = "<group>"; };
		655DAB86183E1C0F00703FA4 /* icon_type_folder.png */ = {isa = PBXFileReference; lastKnownFileType = image.png; path = icon_type_folder.png; sourceTree = "<group>"; };
		655DAB87183E1C0F00703FA4 /* icon_type_jpg.png */ = {isa = PBXFileReference; lastKnownFileType = image.png; path = icon_type_jpg.png; sourceTree = "<group>"; };
		655DAB88183E1C0F00703FA4 /* icon_type_mp3.png */ = {isa = PBXFileReference; lastKnownFileType = image.png; path = icon_type_mp3.png; sourceTree = "<group>"; };
		655DAB89183E1C0F00703FA4 /* icon_type_mp4.png */ = {isa = PBXFileReference; lastKnownFileType = image.png; path = icon_type_mp4.png; sourceTree = "<group>"; };
		655DAB8A183E1C0F00703FA4 /* icon_type_pdf.png */ = {isa = PBXFileReference; lastKnownFileType = image.png; path = icon_type_pdf.png; sourceTree = "<group>"; };
		655DAB8B183E1C0F00703FA4 /* icon_type_png.png */ = {isa = PBXFileReference; lastKnownFileType = image.png; path = icon_type_png.png; sourceTree = "<group>"; };
		655DAB8C183E1C0F00703FA4 /* icon_type_swf.png */ = {isa = PBXFileReference; lastKnownFileType = image.png; path = icon_type_swf.png; sourceTree = "<group>"; };
		655DAB9D183EF77500703FA4 /* GDDConstMapUtil.h */ = {isa = PBXFileReference; fileEncoding = 4; lastKnownFileType = sourcecode.c.h; path = GDDConstMapUtil.h; sourceTree = "<group>"; };
		655DAB9E183EF77500703FA4 /* GDDConstMapUtil.m */ = {isa = PBXFileReference; fileEncoding = 4; lastKnownFileType = sourcecode.c.objc; path = GDDConstMapUtil.m; sourceTree = "<group>"; };
		655DABB0183F084700703FA4 /* GDDOfflineContentListCell_ipad.xib */ = {isa = PBXFileReference; fileEncoding = 4; lastKnownFileType = file.xib; path = GDDOfflineContentListCell_ipad.xib; sourceTree = "<group>"; };
		655DABB2183F08CF00703FA4 /* GDDOfflineContentListCell_ipad.h */ = {isa = PBXFileReference; fileEncoding = 4; lastKnownFileType = sourcecode.c.h; path = GDDOfflineContentListCell_ipad.h; sourceTree = "<group>"; };
		655DABB3183F08CF00703FA4 /* GDDOfflineContentListCell_ipad.m */ = {isa = PBXFileReference; fileEncoding = 4; lastKnownFileType = sourcecode.c.objc; path = GDDOfflineContentListCell_ipad.m; sourceTree = "<group>"; };
		655DAC321842E47C00703FA4 /* GDDOffineFilesHelper.h */ = {isa = PBXFileReference; fileEncoding = 4; lastKnownFileType = sourcecode.c.h; path = GDDOffineFilesHelper.h; sourceTree = "<group>"; };
		655DAC331842E47C00703FA4 /* GDDOffineFilesHelper.m */ = {isa = PBXFileReference; fileEncoding = 4; lastKnownFileType = sourcecode.c.objc; path = GDDOffineFilesHelper.m; sourceTree = "<group>"; };
		6563BD591835B3BE0008F709 /* class_icon.png */ = {isa = PBXFileReference; lastKnownFileType = image.png; path = class_icon.png; sourceTree = "<group>"; };
		6563BD5A1835B3BE0008F709 /* offline_files_icon.png */ = {isa = PBXFileReference; lastKnownFileType = image.png; path = offline_files_icon.png; sourceTree = "<group>"; };
		6563BD801835C8EB0008F709 /* GDDMenuRootModel.h */ = {isa = PBXFileReference; fileEncoding = 4; lastKnownFileType = sourcecode.c.h; path = GDDMenuRootModel.h; sourceTree = "<group>"; };
		6563BD811835C8EB0008F709 /* GDDMenuRootModel.m */ = {isa = PBXFileReference; fileEncoding = 4; lastKnownFileType = sourcecode.c.objc; path = GDDMenuRootModel.m; sourceTree = "<group>"; };
		65818D281830C3C3001FF93C /* GDDAppDelegate.h */ = {isa = PBXFileReference; fileEncoding = 4; lastKnownFileType = sourcecode.c.h; path = GDDAppDelegate.h; sourceTree = "<group>"; };
		65818D291830C3C3001FF93C /* GDDAppDelegate.m */ = {isa = PBXFileReference; fileEncoding = 4; lastKnownFileType = sourcecode.c.objc; path = GDDAppDelegate.m; sourceTree = "<group>"; };
		65818D3F1831D131001FF93C /* GDDDescriptionMessageViewController_ipad.h */ = {isa = PBXFileReference; fileEncoding = 4; lastKnownFileType = sourcecode.c.h; path = GDDDescriptionMessageViewController_ipad.h; sourceTree = "<group>"; };
		65818D401831D131001FF93C /* GDDDescriptionMessageViewController_ipad.m */ = {isa = PBXFileReference; fileEncoding = 4; lastKnownFileType = sourcecode.c.objc; path = GDDDescriptionMessageViewController_ipad.m; sourceTree = "<group>"; };
		65818D411831D131001FF93C /* GDDDescriptionMessageViewController_ipad.xib */ = {isa = PBXFileReference; fileEncoding = 4; lastKnownFileType = file.xib; path = GDDDescriptionMessageViewController_ipad.xib; sourceTree = "<group>"; };
		6583BFBC187A821F00B5683C /* GDDBusProvider.h */ = {isa = PBXFileReference; fileEncoding = 4; lastKnownFileType = sourcecode.c.h; path = GDDBusProvider.h; sourceTree = "<group>"; };
		6583BFBD187A821F00B5683C /* GDDBusProvider.m */ = {isa = PBXFileReference; fileEncoding = 4; lastKnownFileType = sourcecode.c.objc; path = GDDBusProvider.m; sourceTree = "<group>"; };
		6583BFBF187A894600B5683C /* GDDEquipmentView.h */ = {isa = PBXFileReference; fileEncoding = 4; lastKnownFileType = sourcecode.c.h; path = GDDEquipmentView.h; sourceTree = "<group>"; };
		6583BFC0187A894600B5683C /* GDDEquipmentView.m */ = {isa = PBXFileReference; fileEncoding = 4; lastKnownFileType = sourcecode.c.objc; path = GDDEquipmentView.m; sourceTree = "<group>"; };
		6583BFC1187A894600B5683C /* GDDEquipmentView.xib */ = {isa = PBXFileReference; fileEncoding = 4; lastKnownFileType = file.xib; path = GDDEquipmentView.xib; sourceTree = "<group>"; };
		6583BFC4187A8AE900B5683C /* GDDMenuRootController.h */ = {isa = PBXFileReference; fileEncoding = 4; lastKnownFileType = sourcecode.c.h; path = GDDMenuRootController.h; sourceTree = "<group>"; };
		6583BFC5187A8AE900B5683C /* GDDMenuRootController.m */ = {isa = PBXFileReference; fileEncoding = 4; lastKnownFileType = sourcecode.c.objc; path = GDDMenuRootController.m; sourceTree = "<group>"; };
		6583BFC6187A8AE900B5683C /* GDDMenuRootController.xib */ = {isa = PBXFileReference; fileEncoding = 4; lastKnownFileType = file.xib; path = GDDMenuRootController.xib; sourceTree = "<group>"; };
		65A524DA184327710030F958 /* cell_selected_style_black.png */ = {isa = PBXFileReference; lastKnownFileType = image.png; path = cell_selected_style_black.png; sourceTree = "<group>"; };
		65A63A4B1821F6AB004B6A18 /* GDDUIBarButtonItem.h */ = {isa = PBXFileReference; lastKnownFileType = sourcecode.c.h; path = GDDUIBarButtonItem.h; sourceTree = "<group>"; };
		65A63A4C18220145004B6A18 /* GDDUIBarButtonItem.m */ = {isa = PBXFileReference; fileEncoding = 4; lastKnownFileType = sourcecode.c.objc; path = GDDUIBarButtonItem.m; sourceTree = "<group>"; };
		65B32F58187CF38D0028026C /* PSStackedViewControllerDecorate.h */ = {isa = PBXFileReference; fileEncoding = 4; lastKnownFileType = sourcecode.c.h; path = PSStackedViewControllerDecorate.h; sourceTree = "<group>"; };
		65B32F59187CF38D0028026C /* PSStackedViewControllerDecorate.m */ = {isa = PBXFileReference; fileEncoding = 4; lastKnownFileType = sourcecode.c.objc; path = PSStackedViewControllerDecorate.m; sourceTree = "<group>"; };
		65B32F5C187D27220028026C /* GDDEquipmentModel.h */ = {isa = PBXFileReference; fileEncoding = 4; lastKnownFileType = sourcecode.c.h; path = GDDEquipmentModel.h; sourceTree = "<group>"; };
		65B32F5D187D27220028026C /* GDDEquipmentModel.m */ = {isa = PBXFileReference; fileEncoding = 4; lastKnownFileType = sourcecode.c.objc; path = GDDEquipmentModel.m; sourceTree = "<group>"; };
		65B32F5F187D38350028026C /* GDDEquipmentProtocol.h */ = {isa = PBXFileReference; lastKnownFileType = sourcecode.c.h; path = GDDEquipmentProtocol.h; sourceTree = "<group>"; };
		65B32F60187D470B0028026C /* GDDFolderCell.h */ = {isa = PBXFileReference; fileEncoding = 4; lastKnownFileType = sourcecode.c.h; path = GDDFolderCell.h; sourceTree = "<group>"; };
		65B32F61187D470B0028026C /* GDDFolderCell.m */ = {isa = PBXFileReference; fileEncoding = 4; lastKnownFileType = sourcecode.c.objc; path = GDDFolderCell.m; sourceTree = "<group>"; };
		65B32F62187D470B0028026C /* GDDFolderCell.xib */ = {isa = PBXFileReference; fileEncoding = 4; lastKnownFileType = file.xib; path = GDDFolderCell.xib; sourceTree = "<group>"; };
		65B32F63187D470B0028026C /* GDDHeXieViewController.h */ = {isa = PBXFileReference; fileEncoding = 4; lastKnownFileType = sourcecode.c.h; path = GDDHeXieViewController.h; sourceTree = "<group>"; };
		65B32F64187D470B0028026C /* GDDHeXieViewController.m */ = {isa = PBXFileReference; fileEncoding = 4; lastKnownFileType = sourcecode.c.objc; path = GDDHeXieViewController.m; sourceTree = "<group>"; };
		65B32F65187D470B0028026C /* GDDHeXieViewController.xib */ = {isa = PBXFileReference; fileEncoding = 4; lastKnownFileType = file.xib; path = GDDHeXieViewController.xib; sourceTree = "<group>"; };
		65CA0CE1185165AB005249BB /* NSMutableDictionary+SafeSetObject.h */ = {isa = PBXFileReference; fileEncoding = 4; lastKnownFileType = sourcecode.c.h; path = "NSMutableDictionary+SafeSetObject.h"; sourceTree = "<group>"; };
		65CA0CE2185165AB005249BB /* NSMutableDictionary+SafeSetObject.m */ = {isa = PBXFileReference; fileEncoding = 4; lastKnownFileType = sourcecode.c.objc; path = "NSMutableDictionary+SafeSetObject.m"; sourceTree = "<group>"; };
		65CA0D011856C9DF005249BB /* GDDDownloadingState.h */ = {isa = PBXFileReference; fileEncoding = 4; lastKnownFileType = sourcecode.c.h; path = GDDDownloadingState.h; sourceTree = "<group>"; };
		65CA0D021856C9DF005249BB /* GDDDownloadingState.m */ = {isa = PBXFileReference; fileEncoding = 4; lastKnownFileType = sourcecode.c.objc; path = GDDDownloadingState.m; sourceTree = "<group>"; };
		65CA0D031856C9DF005249BB /* GDDFinishDownloadState.h */ = {isa = PBXFileReference; fileEncoding = 4; lastKnownFileType = sourcecode.c.h; path = GDDFinishDownloadState.h; sourceTree = "<group>"; };
		65CA0D041856C9DF005249BB /* GDDFinishDownloadState.m */ = {isa = PBXFileReference; fileEncoding = 4; lastKnownFileType = sourcecode.c.objc; path = GDDFinishDownloadState.m; sourceTree = "<group>"; };
		65CA0D051856C9DF005249BB /* GDDPauseDownloadState.h */ = {isa = PBXFileReference; fileEncoding = 4; lastKnownFileType = sourcecode.c.h; path = GDDPauseDownloadState.h; sourceTree = "<group>"; };
		65CA0D061856C9DF005249BB /* GDDPauseDownloadState.m */ = {isa = PBXFileReference; fileEncoding = 4; lastKnownFileType = sourcecode.c.objc; path = GDDPauseDownloadState.m; sourceTree = "<group>"; };
		65CA0D071856C9DF005249BB /* GDDUnDownloadState.h */ = {isa = PBXFileReference; fileEncoding = 4; lastKnownFileType = sourcecode.c.h; path = GDDUnDownloadState.h; sourceTree = "<group>"; };
		65CA0D081856C9DF005249BB /* GDDUnDownloadState.m */ = {isa = PBXFileReference; fileEncoding = 4; lastKnownFileType = sourcecode.c.objc; path = GDDUnDownloadState.m; sourceTree = "<group>"; };
		65CA0D091856C9DF005249BB /* GDDWillDownloadState.h */ = {isa = PBXFileReference; fileEncoding = 4; lastKnownFileType = sourcecode.c.h; path = GDDWillDownloadState.h; sourceTree = "<group>"; };
		65CA0D0A1856C9DF005249BB /* GDDWillDownloadState.m */ = {isa = PBXFileReference; fileEncoding = 4; lastKnownFileType = sourcecode.c.objc; path = GDDWillDownloadState.m; sourceTree = "<group>"; };
		65CA0D101856F80A005249BB /* GDDDownloadState.h */ = {isa = PBXFileReference; fileEncoding = 4; lastKnownFileType = sourcecode.c.h; path = GDDDownloadState.h; sourceTree = "<group>"; };
		65CA0D1118570016005249BB /* GDDDownloadWorkContext.h */ = {isa = PBXFileReference; fileEncoding = 4; lastKnownFileType = sourcecode.c.h; path = GDDDownloadWorkContext.h; sourceTree = "<group>"; };
		65CA0D1218570016005249BB /* GDDDownloadWorkContext.m */ = {isa = PBXFileReference; fileEncoding = 4; lastKnownFileType = sourcecode.c.objc; path = GDDDownloadWorkContext.m; sourceTree = "<group>"; };
		65CA0D1B18598B7B005249BB /* GDDClassViewController_iPad.h */ = {isa = PBXFileReference; fileEncoding = 4; lastKnownFileType = sourcecode.c.h; path = GDDClassViewController_iPad.h; sourceTree = "<group>"; };
		65CA0D1C18598B7B005249BB /* GDDClassViewController_iPad.m */ = {isa = PBXFileReference; fileEncoding = 4; lastKnownFileType = sourcecode.c.objc; path = GDDClassViewController_iPad.m; sourceTree = "<group>"; };
		65CA0D1D18598B7B005249BB /* GDDFaviconsViewController_iPad.h */ = {isa = PBXFileReference; fileEncoding = 4; lastKnownFileType = sourcecode.c.h; path = GDDFaviconsViewController_iPad.h; sourceTree = "<group>"; };
		65CA0D1E18598B7B005249BB /* GDDFaviconsViewController_iPad.m */ = {isa = PBXFileReference; fileEncoding = 4; lastKnownFileType = sourcecode.c.objc; path = GDDFaviconsViewController_iPad.m; sourceTree = "<group>"; };
		65CA0D1F18598B7B005249BB /* GDDMainViewController_ipad.h */ = {isa = PBXFileReference; fileEncoding = 4; lastKnownFileType = sourcecode.c.h; path = GDDMainViewController_ipad.h; sourceTree = "<group>"; };
		65CA0D2018598B7B005249BB /* GDDMainViewController_ipad.m */ = {isa = PBXFileReference; fileEncoding = 4; lastKnownFileType = sourcecode.c.objc; path = GDDMainViewController_ipad.m; sourceTree = "<group>"; };
		65CA0D2118598B7B005249BB /* GDDMainViewController_ipad.xib */ = {isa = PBXFileReference; fileEncoding = 4; lastKnownFileType = file.xib; path = GDDMainViewController_ipad.xib; sourceTree = "<group>"; };
		65CA0D2218598B7B005249BB /* GDDOfflineFilesViewController_iPad.h */ = {isa = PBXFileReference; fileEncoding = 4; lastKnownFileType = sourcecode.c.h; path = GDDOfflineFilesViewController_iPad.h; sourceTree = "<group>"; };
		65CA0D2318598B7B005249BB /* GDDOfflineFilesViewController_iPad.m */ = {isa = PBXFileReference; fileEncoding = 4; lastKnownFileType = sourcecode.c.objc; path = GDDOfflineFilesViewController_iPad.m; sourceTree = "<group>"; };
		65DDDB4B186A8B560064DCBA /* AppDelegate.h */ = {isa = PBXFileReference; fileEncoding = 4; lastKnownFileType = sourcecode.c.h; path = AppDelegate.h; sourceTree = "<group>"; };
		65DDDB4C186A8B560064DCBA /* AppDelegate.m */ = {isa = PBXFileReference; fileEncoding = 4; lastKnownFileType = sourcecode.c.objc; path = AppDelegate.m; sourceTree = "<group>"; };
		65DDDB54186ABA5D0064DCBA /* GDDRemoteControlViewController.h */ = {isa = PBXFileReference; fileEncoding = 4; lastKnownFileType = sourcecode.c.h; path = GDDRemoteControlViewController.h; sourceTree = "<group>"; };
		65DDDB55186ABA5D0064DCBA /* GDDRemoteControlViewController.m */ = {isa = PBXFileReference; fileEncoding = 4; lastKnownFileType = sourcecode.c.objc; path = GDDRemoteControlViewController.m; sourceTree = "<group>"; };
		65DDDB56186ABA5D0064DCBA /* GDDRemoteControlViewController.xib */ = {isa = PBXFileReference; fileEncoding = 4; lastKnownFileType = file.xib; path = GDDRemoteControlViewController.xib; sourceTree = "<group>"; };
		65DDDB5C186D29850064DCBA /* CoreTelephony.framework */ = {isa = PBXFileReference; lastKnownFileType = wrapper.framework; name = CoreTelephony.framework; path = System/Library/Frameworks/CoreTelephony.framework; sourceTree = SDKROOT; };
		65DDDB5E187259540064DCBA /* GameKit.framework */ = {isa = PBXFileReference; lastKnownFileType = wrapper.framework; name = GameKit.framework; path = System/Library/Frameworks/GameKit.framework; sourceTree = SDKROOT; };
		65DDDB6018725FA30064DCBA /* MultipeerConnectivity.framework */ = {isa = PBXFileReference; lastKnownFileType = wrapper.framework; name = MultipeerConnectivity.framework; path = System/Library/Frameworks/MultipeerConnectivity.framework; sourceTree = SDKROOT; };
		65EA26541833138B00077EF4 /* GDDMenuRootController_ipad.h */ = {isa = PBXFileReference; fileEncoding = 4; lastKnownFileType = sourcecode.c.h; path = GDDMenuRootController_ipad.h; sourceTree = "<group>"; };
		65EA26551833138B00077EF4 /* GDDMenuRootController_ipad.m */ = {isa = PBXFileReference; fileEncoding = 4; lastKnownFileType = sourcecode.c.objc; path = GDDMenuRootController_ipad.m; sourceTree = "<group>"; };
		65EA26561833138B00077EF4 /* GDDMenuRootController_ipad.xib */ = {isa = PBXFileReference; fileEncoding = 4; lastKnownFileType = file.xib; path = GDDMenuRootController_ipad.xib; sourceTree = "<group>"; };
		8EED2E58FE4F4FE1894BAA93 /* Pods.xcconfig */ = {isa = PBXFileReference; includeInIndex = 1; lastKnownFileType = text.xcconfig; name = Pods.xcconfig; path = Pods/Pods.xcconfig; sourceTree = "<group>"; };
/* End PBXFileReference section */

/* Begin PBXFrameworksBuildPhase section */
		6534B2261815340F000F83E9 /* Frameworks */ = {
			isa = PBXFrameworksBuildPhase;
			buildActionMask = 2147483647;
			files = (
				65DDDB6118725FA30064DCBA /* MultipeerConnectivity.framework in Frameworks */,
				65DDDB5D186D29850064DCBA /* CoreTelephony.framework in Frameworks */,
				65571F221846D7E300A7C1B7 /* AVFoundation.framework in Frameworks */,
				655DAB2D183B637200703FA4 /* MediaPlayer.framework in Frameworks */,
				6534B22F1815340F000F83E9 /* CoreGraphics.framework in Frameworks */,
				6534B2311815340F000F83E9 /* UIKit.framework in Frameworks */,
				6534B22D1815340F000F83E9 /* Foundation.framework in Frameworks */,
				773E070449474D719289E8E7 /* libPods.a in Frameworks */,
			);
			runOnlyForDeploymentPostprocessing = 0;
		};
		6534B2411815340F000F83E9 /* Frameworks */ = {
			isa = PBXFrameworksBuildPhase;
			buildActionMask = 2147483647;
			files = (
				6534B2461815340F000F83E9 /* XCTest.framework in Frameworks */,
				6534B2481815340F000F83E9 /* UIKit.framework in Frameworks */,
				6534B2471815340F000F83E9 /* Foundation.framework in Frameworks */,
			);
			runOnlyForDeploymentPostprocessing = 0;
		};
/* End PBXFrameworksBuildPhase section */

/* Begin PBXGroup section */
		6534B2201815340F000F83E9 = {
			isa = PBXGroup;
			children = (
				6534B2321815340F000F83E9 /* GDDrive */,
				6534B24B1815340F000F83E9 /* GDDriveTests */,
				6534B22B1815340F000F83E9 /* Frameworks */,
				6534B22A1815340F000F83E9 /* Products */,
				8EED2E58FE4F4FE1894BAA93 /* Pods.xcconfig */,
			);
			sourceTree = "<group>";
		};
		6534B22A1815340F000F83E9 /* Products */ = {
			isa = PBXGroup;
			children = (
				6534B2291815340F000F83E9 /* GDDrive.app */,
				6534B2441815340F000F83E9 /* GDDriveTests.xctest */,
			);
			name = Products;
			sourceTree = "<group>";
		};
		6534B22B1815340F000F83E9 /* Frameworks */ = {
			isa = PBXGroup;
			children = (
				65DDDB6018725FA30064DCBA /* MultipeerConnectivity.framework */,
				65DDDB5E187259540064DCBA /* GameKit.framework */,
				65DDDB5C186D29850064DCBA /* CoreTelephony.framework */,
				65571F211846D7E300A7C1B7 /* AVFoundation.framework */,
				655DAB2C183B637200703FA4 /* MediaPlayer.framework */,
				6534B22C1815340F000F83E9 /* Foundation.framework */,
				6534B22E1815340F000F83E9 /* CoreGraphics.framework */,
				6534B2301815340F000F83E9 /* UIKit.framework */,
				6534B2451815340F000F83E9 /* XCTest.framework */,
				1763A91962AF40D8ABD7D5A7 /* libPods.a */,
			);
			name = Frameworks;
			sourceTree = "<group>";
		};
		6534B2321815340F000F83E9 /* GDDrive */ = {
			isa = PBXGroup;
			children = (
				65571EF91845872100A7C1B7 /* Category */,
				655DAB40183C51C500703FA4 /* NetWork */,
				65EA265B18331B0100077EF4 /* Util */,
				65A63A471821EFFA004B6A18 /* CustomView */,
				6563BD581835B0E10008F709 /* Model */,
				65484786181765C500586C62 /* UI */,
				65DDDB53186AB65C0064DCBA /* RemoteControl */,
				653A972C182B75AB000E4CAC /* GDRealtimeProtocol.h */,
				653A972D182B84DA000E4CAC /* GDDRealtimeDataToViewController.h */,
				653A972E182B84DA000E4CAC /* GDDRealtimeDataToViewController.m */,
				65818D281830C3C3001FF93C /* GDDAppDelegate.h */,
				65818D291830C3C3001FF93C /* GDDAppDelegate.m */,
				65DDDB4B186A8B560064DCBA /* AppDelegate.h */,
				65DDDB4C186A8B560064DCBA /* AppDelegate.m */,
				6548481A181767B800586C62 /* Main_iPad.storyboard */,
				6548481C181767B800586C62 /* Main_iPhone.storyboard */,
				6534B2331815340F000F83E9 /* Supporting Files */,
			);
			path = GDDrive;
			sourceTree = "<group>";
		};
		6534B2331815340F000F83E9 /* Supporting Files */ = {
			isa = PBXGroup;
			children = (
				6548476E181765BA00586C62 /* Images */,
				6534B26118153577000F83E9 /* en.lproj */,
				6534B26418153577000F83E9 /* GDDrive-Prefix.pch */,
				6534B2341815340F000F83E9 /* GDDrive-Info.plist */,
				65538B75181DFA18008D1DE0 /* config.plist */,
				6534B26518153577000F83E9 /* Images.xcassets */,
				6534B26618153577000F83E9 /* main.m */,
			);
			name = "Supporting Files";
			sourceTree = "<group>";
		};
		6534B24B1815340F000F83E9 /* GDDriveTests */ = {
			isa = PBXGroup;
			children = (
				6534B2511815340F000F83E9 /* GDDriveTests.m */,
				6534B24C1815340F000F83E9 /* Supporting Files */,
			);
			path = GDDriveTests;
			sourceTree = "<group>";
		};
		6534B24C1815340F000F83E9 /* Supporting Files */ = {
			isa = PBXGroup;
			children = (
				6534B24D1815340F000F83E9 /* GDDriveTests-Info.plist */,
				6534B24E1815340F000F83E9 /* InfoPlist.strings */,
			);
			name = "Supporting Files";
			sourceTree = "<group>";
		};
		6534B26118153577000F83E9 /* en.lproj */ = {
			isa = PBXGroup;
			children = (
				6534B26218153577000F83E9 /* InfoPlist.strings */,
			);
			path = en.lproj;
			sourceTree = "<group>";
		};
		6548476E181765BA00586C62 /* Images */ = {
			isa = PBXGroup;
			children = (
				65571F46184C2AA900A7C1B7 /* seting.png */,
				65571F3918483DD100A7C1B7 /* Sign_bg.jpg */,
				65571F3518483D1700A7C1B7 /* Sign_in.png */,
				65A524DA184327710030F958 /* cell_selected_style_black.png */,
				655DAB3B183C49D300703FA4 /* loading.jpg */,
				6563BD591835B3BE0008F709 /* class_icon.png */,
				6563BD5A1835B3BE0008F709 /* offline_files_icon.png */,
				655927BD1834B42E0031EB1F /* favicons_icon.png */,
				6548476F181765BA00586C62 /* ipad */,
				65484774181765BA00586C62 /* iphone */,
			);
			path = Images;
			sourceTree = "<group>";
		};
		6548476F181765BA00586C62 /* ipad */ = {
			isa = PBXGroup;
			children = (
				655DAB7D183E1C0F00703FA4 /* default_type_class.png */,
				655DAB7E183E1C0F00703FA4 /* default_type_folder.png */,
				655DAB7F183E1C0F00703FA4 /* default_type_jpg.png */,
				655DAB80183E1C0F00703FA4 /* default_type_mp3.png */,
				655DAB81183E1C0F00703FA4 /* default_type_mp4.png */,
				655DAB82183E1C0F00703FA4 /* default_type_pdf.png */,
				655DAB83183E1C0F00703FA4 /* default_type_png.png */,
				655DAB84183E1C0F00703FA4 /* default_type_swf.png */,
				655DAB85183E1C0F00703FA4 /* icon_type_class.png */,
				655DAB86183E1C0F00703FA4 /* icon_type_folder.png */,
				655DAB87183E1C0F00703FA4 /* icon_type_jpg.png */,
				655DAB88183E1C0F00703FA4 /* icon_type_mp3.png */,
				655DAB89183E1C0F00703FA4 /* icon_type_mp4.png */,
				655DAB8A183E1C0F00703FA4 /* icon_type_pdf.png */,
				655DAB8B183E1C0F00703FA4 /* icon_type_png.png */,
				655DAB8C183E1C0F00703FA4 /* icon_type_swf.png */,
				65484770181765BA00586C62 /* 1024x768 */,
				65484771181765BA00586C62 /* 1536x2048 */,
				65484772181765BA00586C62 /* 2048x1536 */,
				65484773181765BA00586C62 /* 768x1024 */,
			);
			path = ipad;
			sourceTree = "<group>";
		};
		65484770181765BA00586C62 /* 1024x768 */ = {
			isa = PBXGroup;
			children = (
			);
			path = 1024x768;
			sourceTree = "<group>";
		};
		65484771181765BA00586C62 /* 1536x2048 */ = {
			isa = PBXGroup;
			children = (
			);
			path = 1536x2048;
			sourceTree = "<group>";
		};
		65484772181765BA00586C62 /* 2048x1536 */ = {
			isa = PBXGroup;
			children = (
			);
			path = 2048x1536;
			sourceTree = "<group>";
		};
		65484773181765BA00586C62 /* 768x1024 */ = {
			isa = PBXGroup;
			children = (
			);
			path = 768x1024;
			sourceTree = "<group>";
		};
		65484774181765BA00586C62 /* iphone */ = {
			isa = PBXGroup;
			children = (
				65484775181765BA00586C62 /* 320x480 */,
				65484776181765BA00586C62 /* 640x960 */,
			);
			path = iphone;
			sourceTree = "<group>";
		};
		65484775181765BA00586C62 /* 320x480 */ = {
			isa = PBXGroup;
			children = (
			);
			path = 320x480;
			sourceTree = "<group>";
		};
		65484776181765BA00586C62 /* 640x960 */ = {
			isa = PBXGroup;
			children = (
			);
			path = 640x960;
			sourceTree = "<group>";
		};
		65484786181765C500586C62 /* UI */ = {
			isa = PBXGroup;
			children = (
				65484787181765C500586C62 /* ipad */,
				65484788181765C500586C62 /* iphone */,
			);
			path = UI;
			sourceTree = "<group>";
		};
		65484787181765C500586C62 /* ipad */ = {
			isa = PBXGroup;
			children = (
				65CA0D1A18598B7B005249BB /* GDDMainViewContoller_ipad */,
				65571F09184599A200A7C1B7 /* GDDPlayMultimediaViewController_ipad */,
				65818D3F1831D131001FF93C /* GDDDescriptionMessageViewController_ipad.h */,
				65818D401831D131001FF93C /* GDDDescriptionMessageViewController_ipad.m */,
				65818D411831D131001FF93C /* GDDDescriptionMessageViewController_ipad.xib */,
				65EA26541833138B00077EF4 /* GDDMenuRootController_ipad.h */,
				65EA26551833138B00077EF4 /* GDDMenuRootController_ipad.m */,
				65EA26561833138B00077EF4 /* GDDMenuRootController_ipad.xib */,
				65571F3018482F4900A7C1B7 /* GDDLoginViewController_ipad.h */,
				65571F3118482F4900A7C1B7 /* GDDLoginViewController_ipad.m */,
				65571F3218482F4900A7C1B7 /* GDDLoginViewController_ipad.xib */,
			);
			path = ipad;
			sourceTree = "<group>";
		};
		65484788181765C500586C62 /* iphone */ = {
			isa = PBXGroup;
			children = (
			);
			path = iphone;
			sourceTree = "<group>";
		};
		65571EF91845872100A7C1B7 /* Category */ = {
			isa = PBXGroup;
			children = (
				65571EFA1845872100A7C1B7 /* UIAlertView+Blocks.h */,
				65571EFB1845872100A7C1B7 /* UIAlertView+Blocks.m */,
				65571F00184587AC00A7C1B7 /* UIColor+GDDColorSchemes.h */,
				65571F01184587AC00A7C1B7 /* UIColor+GDDColorSchemes.m */,
				65571F03184588F600A7C1B7 /* UIImageView+MKNetworkKitAdditions.h */,
				65571F04184588F600A7C1B7 /* UIImageView+MKNetworkKitAdditions.m */,
				65CA0CE1185165AB005249BB /* NSMutableDictionary+SafeSetObject.h */,
				65CA0CE2185165AB005249BB /* NSMutableDictionary+SafeSetObject.m */,
			);
			path = Category;
			sourceTree = "<group>";
		};
		65571F09184599A200A7C1B7 /* GDDPlayMultimediaViewController_ipad */ = {
			isa = PBXGroup;
			children = (
				65571F0A184599A200A7C1B7 /* GDDPlayPDFViewController_ipad.h */,
				65571F0B184599A200A7C1B7 /* GDDPlayPDFViewController_ipad.m */,
				65571F0C184599A200A7C1B7 /* GDDPlayPNGAndJPGViewController_ipad.h */,
				65571F0D184599A200A7C1B7 /* GDDPlayPNGAndJPGViewController_ipad.m */,
				65571F0E184599A200A7C1B7 /* GDDPlayPNGAndJPGViewController_ipad.xib */,
				65571F171845D8BE00A7C1B7 /* GDDPlayMovieViewController_ipad.h */,
				65571F181845D8BE00A7C1B7 /* GDDPlayMovieViewController_ipad.m */,
				65571F191845D8BE00A7C1B7 /* GDDPlayMovieViewController_ipad.xib */,
				65571F281846E27900A7C1B7 /* GDDPlayAudioViewController_ipad.h */,
				65571F291846E27900A7C1B7 /* GDDPlayAudioViewController_ipad.m */,
				65571F2A1846E27900A7C1B7 /* GDDPlayAudioViewController_ipad.xib */,
			);
			path = GDDPlayMultimediaViewController_ipad;
			sourceTree = "<group>";
		};
		655DAB40183C51C500703FA4 /* NetWork */ = {
			isa = PBXGroup;
			children = (
				655DAB41183C51F300703FA4 /* GDDEngine.h */,
				655DAB42183C51F300703FA4 /* GDDEngine.m */,
				655DAB47183C55C800703FA4 /* GDDFlickrEngine.h */,
				655DAB48183C55C800703FA4 /* GDDFlickrEngine.m */,
				65571F2D18482CF000A7C1B7 /* GDDRealtimeEngine.h */,
				65571F2E18482CF000A7C1B7 /* GDDRealtimeEngine.m */,
			);
			path = NetWork;
			sourceTree = "<group>";
		};
		655DAB52183D977200703FA4 /* Debug */ = {
			isa = PBXGroup;
			children = (
				655DAB53183D977200703FA4 /* RNAssert.h */,
			);
			path = Debug;
			sourceTree = "<group>";
		};
		6563BD581835B0E10008F709 /* Model */ = {
			isa = PBXGroup;
			children = (
				65571F52184C3EAF00A7C1B7 /* BaseModel.h */,
				65571F53184C3EAF00A7C1B7 /* BaseModel.m */,
				65571F55184C3EE800A7C1B7 /* GDDLoginMessageModel.h */,
				65571F56184C3EE800A7C1B7 /* GDDLoginMessageModel.m */,
				6563BD801835C8EB0008F709 /* GDDMenuRootModel.h */,
				6563BD811835C8EB0008F709 /* GDDMenuRootModel.m */,
				65CA0D1118570016005249BB /* GDDDownloadWorkContext.h */,
				65CA0D1218570016005249BB /* GDDDownloadWorkContext.m */,
				65CA0D101856F80A005249BB /* GDDDownloadState.h */,
				65CA0D071856C9DF005249BB /* GDDUnDownloadState.h */,
				65CA0D081856C9DF005249BB /* GDDUnDownloadState.m */,
				65CA0D091856C9DF005249BB /* GDDWillDownloadState.h */,
				65CA0D0A1856C9DF005249BB /* GDDWillDownloadState.m */,
				65CA0D011856C9DF005249BB /* GDDDownloadingState.h */,
				65CA0D021856C9DF005249BB /* GDDDownloadingState.m */,
				65CA0D051856C9DF005249BB /* GDDPauseDownloadState.h */,
				65CA0D061856C9DF005249BB /* GDDPauseDownloadState.m */,
				65CA0D031856C9DF005249BB /* GDDFinishDownloadState.h */,
				65CA0D041856C9DF005249BB /* GDDFinishDownloadState.m */,
			);
			path = Model;
			sourceTree = "<group>";
		};
		6583BFB6187A80A100B5683C /* Controller */ = {
			isa = PBXGroup;
			children = (
				6583BFC4187A8AE900B5683C /* GDDMenuRootController.h */,
				6583BFC5187A8AE900B5683C /* GDDMenuRootController.m */,
				6583BFC6187A8AE900B5683C /* GDDMenuRootController.xib */,
				65B32F60187D470B0028026C /* GDDFolderCell.h */,
				65B32F61187D470B0028026C /* GDDFolderCell.m */,
				65B32F62187D470B0028026C /* GDDFolderCell.xib */,
				65B32F63187D470B0028026C /* GDDHeXieViewController.h */,
				65B32F64187D470B0028026C /* GDDHeXieViewController.m */,
				65B32F65187D470B0028026C /* GDDHeXieViewController.xib */,
			);
			path = Controller;
			sourceTree = "<group>";
		};
		65A63A471821EFFA004B6A18 /* CustomView */ = {
			isa = PBXGroup;
			children = (
				655DAB21183B5B4300703FA4 /* GDDContentListCell_ipad.h */,
				655DAB22183B5B4300703FA4 /* GDDContentListCell_ipad.m */,
				655DAB23183B5B4300703FA4 /* GDDContentListCell_ipad.xib */,
				655DABB2183F08CF00703FA4 /* GDDOfflineContentListCell_ipad.h */,
				655DABB3183F08CF00703FA4 /* GDDOfflineContentListCell_ipad.m */,
				655DABB0183F084700703FA4 /* GDDOfflineContentListCell_ipad.xib */,
				655DAB24183B5B4300703FA4 /* GDDMenuRootCell_ipad.h */,
				655DAB25183B5B4300703FA4 /* GDDMenuRootCell_ipad.m */,
				655DAB26183B5B4300703FA4 /* GDDMenuRootCell_ipad.xib */,
				65A63A4B1821F6AB004B6A18 /* GDDUIBarButtonItem.h */,
				65A63A4C18220145004B6A18 /* GDDUIBarButtonItem.m */,
				65571F4B184C31DD00A7C1B7 /* GDDLoginView_ipad.h */,
				65571F4C184C31DD00A7C1B7 /* GDDLoginView_ipad.m */,
				65571F50184C323300A7C1B7 /* GDDLoginView_ipad.xib */,
				6583BFBF187A894600B5683C /* GDDEquipmentView.h */,
				6583BFC0187A894600B5683C /* GDDEquipmentView.m */,
				6583BFC1187A894600B5683C /* GDDEquipmentView.xib */,
			);
			path = CustomView;
			sourceTree = "<group>";
		};
		65B32F5B187D26F40028026C /* Model */ = {
			isa = PBXGroup;
			children = (
				65B32F5C187D27220028026C /* GDDEquipmentModel.h */,
				65B32F5D187D27220028026C /* GDDEquipmentModel.m */,
			);
			path = Model;
			sourceTree = "<group>";
		};
		65CA0D1A18598B7B005249BB /* GDDMainViewContoller_ipad */ = {
			isa = PBXGroup;
			children = (
				65CA0D1F18598B7B005249BB /* GDDMainViewController_ipad.h */,
				65CA0D2018598B7B005249BB /* GDDMainViewController_ipad.m */,
				65CA0D2118598B7B005249BB /* GDDMainViewController_ipad.xib */,
				65CA0D1B18598B7B005249BB /* GDDClassViewController_iPad.h */,
				65CA0D1C18598B7B005249BB /* GDDClassViewController_iPad.m */,
				65CA0D1D18598B7B005249BB /* GDDFaviconsViewController_iPad.h */,
				65CA0D1E18598B7B005249BB /* GDDFaviconsViewController_iPad.m */,
				65CA0D2218598B7B005249BB /* GDDOfflineFilesViewController_iPad.h */,
				65CA0D2318598B7B005249BB /* GDDOfflineFilesViewController_iPad.m */,
			);
			path = GDDMainViewContoller_ipad;
			sourceTree = "<group>";
		};
		65DDDB53186AB65C0064DCBA /* RemoteControl */ = {
			isa = PBXGroup;
			children = (
				65B32F5B187D26F40028026C /* Model */,
				6583BFB6187A80A100B5683C /* Controller */,
				65DDDB54186ABA5D0064DCBA /* GDDRemoteControlViewController.h */,
				65DDDB55186ABA5D0064DCBA /* GDDRemoteControlViewController.m */,
				65DDDB56186ABA5D0064DCBA /* GDDRemoteControlViewController.xib */,
				65B32F5F187D38350028026C /* GDDEquipmentProtocol.h */,
				6583BFBC187A821F00B5683C /* GDDBusProvider.h */,
				6583BFBD187A821F00B5683C /* GDDBusProvider.m */,
				65B32F58187CF38D0028026C /* PSStackedViewControllerDecorate.h */,
				65B32F59187CF38D0028026C /* PSStackedViewControllerDecorate.m */,
			);
			path = RemoteControl;
			sourceTree = "<group>";
		};
		65EA265B18331B0100077EF4 /* Util */ = {
			isa = PBXGroup;
			children = (
				655DAB52183D977200703FA4 /* Debug */,
				655DAB4E183CC32400703FA4 /* GDDGenreDictionary.h */,
				655DAB4F183CC32400703FA4 /* GDDGenreDictionary.m */,
				655DAB9D183EF77500703FA4 /* GDDConstMapUtil.h */,
				655DAB9E183EF77500703FA4 /* GDDConstMapUtil.m */,
				655DAC321842E47C00703FA4 /* GDDOffineFilesHelper.h */,
				655DAC331842E47C00703FA4 /* GDDOffineFilesHelper.m */,
				65571F3E184885D500A7C1B7 /* GDDPlistHelper.h */,
				65571F3F184885D500A7C1B7 /* GDDPlistHelper.m */,
			);
			path = Util;
			sourceTree = "<group>";
		};
/* End PBXGroup section */

/* Begin PBXNativeTarget section */
		6534B2281815340F000F83E9 /* GDDrive */ = {
			isa = PBXNativeTarget;
			buildConfigurationList = 6534B2551815340F000F83E9 /* Build configuration list for PBXNativeTarget "GDDrive" */;
			buildPhases = (
				A0F1FF1ACD36406FBE5E7849 /* Check Pods Manifest.lock */,
				6534B2251815340F000F83E9 /* Sources */,
				6534B2261815340F000F83E9 /* Frameworks */,
				6534B2271815340F000F83E9 /* Resources */,
				DE35B68B650C4FE8BFE5D6BB /* Copy Pods Resources */,
			);
			buildRules = (
			);
			dependencies = (
			);
			name = GDDrive;
			productName = GDDrive;
			productReference = 6534B2291815340F000F83E9 /* GDDrive.app */;
			productType = "com.apple.product-type.application";
		};
		6534B2431815340F000F83E9 /* GDDriveTests */ = {
			isa = PBXNativeTarget;
			buildConfigurationList = 6534B2581815340F000F83E9 /* Build configuration list for PBXNativeTarget "GDDriveTests" */;
			buildPhases = (
				6534B2401815340F000F83E9 /* Sources */,
				6534B2411815340F000F83E9 /* Frameworks */,
				6534B2421815340F000F83E9 /* Resources */,
			);
			buildRules = (
			);
			dependencies = (
				6534B24A1815340F000F83E9 /* PBXTargetDependency */,
			);
			name = GDDriveTests;
			productName = GDDriveTests;
			productReference = 6534B2441815340F000F83E9 /* GDDriveTests.xctest */;
			productType = "com.apple.product-type.bundle.unit-test";
		};
/* End PBXNativeTarget section */

/* Begin PBXProject section */
		6534B2211815340F000F83E9 /* Project object */ = {
			isa = PBXProject;
			attributes = {
				LastUpgradeCheck = 0500;
				ORGANIZATIONNAME = "大黄";
				TargetAttributes = {
					6534B2431815340F000F83E9 = {
						TestTargetID = 6534B2281815340F000F83E9;
					};
				};
			};
			buildConfigurationList = 6534B2241815340F000F83E9 /* Build configuration list for PBXProject "GDDrive" */;
			compatibilityVersion = "Xcode 3.2";
			developmentRegion = English;
			hasScannedForEncodings = 0;
			knownRegions = (
				en,
				Base,
			);
			mainGroup = 6534B2201815340F000F83E9;
			productRefGroup = 6534B22A1815340F000F83E9 /* Products */;
			projectDirPath = "";
			projectRoot = "";
			targets = (
				6534B2281815340F000F83E9 /* GDDrive */,
				6534B2431815340F000F83E9 /* GDDriveTests */,
			);
		};
/* End PBXProject section */

/* Begin PBXResourcesBuildPhase section */
		6534B2271815340F000F83E9 /* Resources */ = {
			isa = PBXResourcesBuildPhase;
			buildActionMask = 2147483647;
			files = (
				65571F3618483D1700A7C1B7 /* Sign_in.png in Resources */,
				6563BD5C1835B3BE0008F709 /* offline_files_icon.png in Resources */,
				65CA0D2718598B7B005249BB /* GDDMainViewController_ipad.xib in Resources */,
				655DAB98183E1C0F00703FA4 /* icon_type_mp3.png in Resources */,
				65571F3A18483DD100A7C1B7 /* Sign_bg.jpg in Resources */,
				655DAB94183E1C0F00703FA4 /* default_type_swf.png in Resources */,
				655DAB93183E1C0F00703FA4 /* default_type_png.png in Resources */,
				65571F11184599A200A7C1B7 /* GDDPlayPNGAndJPGViewController_ipad.xib in Resources */,
				655DAB2A183B5B4300703FA4 /* GDDMenuRootCell_ipad.xib in Resources */,
				655DAB9C183E1C0F00703FA4 /* icon_type_swf.png in Resources */,
				6534B26818153577000F83E9 /* Images.xcassets in Resources */,
				6583BFC8187A8AE900B5683C /* GDDMenuRootController.xib in Resources */,
				655DAB8D183E1C0F00703FA4 /* default_type_class.png in Resources */,
				655927BE1834B42E0031EB1F /* favicons_icon.png in Resources */,
				65818D431831D131001FF93C /* GDDDescriptionMessageViewController_ipad.xib in Resources */,
				655DABB1183F084700703FA4 /* GDDOfflineContentListCell_ipad.xib in Resources */,
				655DAB90183E1C0F00703FA4 /* default_type_mp3.png in Resources */,
				65538B76181DFA18008D1DE0 /* config.plist in Resources */,
				6583BFC3187A894600B5683C /* GDDEquipmentView.xib in Resources */,
				65DDDB58186ABA5D0064DCBA /* GDDRemoteControlViewController.xib in Resources */,
				655DAB8F183E1C0F00703FA4 /* default_type_jpg.png in Resources */,
				65B32F67187D470B0028026C /* GDDFolderCell.xib in Resources */,
				65B32F69187D470B0028026C /* GDDHeXieViewController.xib in Resources */,
				65571F2C1846E27900A7C1B7 /* GDDPlayAudioViewController_ipad.xib in Resources */,
				65571F51184C323300A7C1B7 /* GDDLoginView_ipad.xib in Resources */,
				65A524DB184327710030F958 /* cell_selected_style_black.png in Resources */,
				65571F1B1845D8BF00A7C1B7 /* GDDPlayMovieViewController_ipad.xib in Resources */,
				65EA26581833138B00077EF4 /* GDDMenuRootController_ipad.xib in Resources */,
				65571F47184C2AA900A7C1B7 /* seting.png in Resources */,
				6548481E181767B800586C62 /* Main_iPad.storyboard in Resources */,
				6534B26718153577000F83E9 /* InfoPlist.strings in Resources */,
				655DAB28183B5B4300703FA4 /* GDDContentListCell_ipad.xib in Resources */,
				655DAB9B183E1C0F00703FA4 /* icon_type_png.png in Resources */,
				655DAB9A183E1C0F00703FA4 /* icon_type_pdf.png in Resources */,
				655DAB99183E1C0F00703FA4 /* icon_type_mp4.png in Resources */,
				65571F3418482F4900A7C1B7 /* GDDLoginViewController_ipad.xib in Resources */,
				655DAB97183E1C0F00703FA4 /* icon_type_jpg.png in Resources */,
				655DAB8E183E1C0F00703FA4 /* default_type_folder.png in Resources */,
				655DAB95183E1C0F00703FA4 /* icon_type_class.png in Resources */,
				655DAB92183E1C0F00703FA4 /* default_type_pdf.png in Resources */,
				655DAB91183E1C0F00703FA4 /* default_type_mp4.png in Resources */,
				6548481F181767B800586C62 /* Main_iPhone.storyboard in Resources */,
				6563BD5B1835B3BE0008F709 /* class_icon.png in Resources */,
				655DAB96183E1C0F00703FA4 /* icon_type_folder.png in Resources */,
				655DAB3C183C49D300703FA4 /* loading.jpg in Resources */,
			);
			runOnlyForDeploymentPostprocessing = 0;
		};
		6534B2421815340F000F83E9 /* Resources */ = {
			isa = PBXResourcesBuildPhase;
			buildActionMask = 2147483647;
			files = (
				6534B2501815340F000F83E9 /* InfoPlist.strings in Resources */,
			);
			runOnlyForDeploymentPostprocessing = 0;
		};
/* End PBXResourcesBuildPhase section */

/* Begin PBXShellScriptBuildPhase section */
		A0F1FF1ACD36406FBE5E7849 /* Check Pods Manifest.lock */ = {
			isa = PBXShellScriptBuildPhase;
			buildActionMask = 2147483647;
			files = (
			);
			inputPaths = (
			);
			name = "Check Pods Manifest.lock";
			outputPaths = (
			);
			runOnlyForDeploymentPostprocessing = 0;
			shellPath = /bin/sh;
			shellScript = "diff \"${PODS_ROOT}/../Podfile.lock\" \"${PODS_ROOT}/Manifest.lock\" > /dev/null\nif [[ $? != 0 ]] ; then\n    cat << EOM\nerror: The sandbox is not in sync with the Podfile.lock. Run 'pod install' or update your CocoaPods installation.\nEOM\n    exit 1\nfi\n";
			showEnvVarsInLog = 0;
		};
		DE35B68B650C4FE8BFE5D6BB /* Copy Pods Resources */ = {
			isa = PBXShellScriptBuildPhase;
			buildActionMask = 2147483647;
			files = (
			);
			inputPaths = (
			);
			name = "Copy Pods Resources";
			outputPaths = (
			);
			runOnlyForDeploymentPostprocessing = 0;
			shellPath = /bin/sh;
			shellScript = "\"${SRCROOT}/Pods/Pods-resources.sh\"\n";
			showEnvVarsInLog = 0;
		};
/* End PBXShellScriptBuildPhase section */

/* Begin PBXSourcesBuildPhase section */
		6534B2251815340F000F83E9 /* Sources */ = {
			isa = PBXSourcesBuildPhase;
			buildActionMask = 2147483647;
			files = (
				65571F02184587AC00A7C1B7 /* UIColor+GDDColorSchemes.m in Sources */,
				65571F40184885D500A7C1B7 /* GDDPlistHelper.m in Sources */,
				655DAC341842E47C00703FA4 /* GDDOffineFilesHelper.m in Sources */,
				65CA0D0F1856C9DF005249BB /* GDDWillDownloadState.m in Sources */,
				65B32F5A187CF38D0028026C /* PSStackedViewControllerDecorate.m in Sources */,
				65DDDB4D186A8B560064DCBA /* AppDelegate.m in Sources */,
				65CA0D0D1856C9DF005249BB /* GDDPauseDownloadState.m in Sources */,
				65CA0D0B1856C9DF005249BB /* GDDDownloadingState.m in Sources */,
				65818D421831D131001FF93C /* GDDDescriptionMessageViewController_ipad.m in Sources */,
				65CA0D2418598B7B005249BB /* GDDClassViewController_iPad.m in Sources */,
				65CA0D2518598B7B005249BB /* GDDFaviconsViewController_iPad.m in Sources */,
				6583BFC7187A8AE900B5683C /* GDDMenuRootController.m in Sources */,
				6563BD821835C8EB0008F709 /* GDDMenuRootModel.m in Sources */,
				65CA0D0E1856C9DF005249BB /* GDDUnDownloadState.m in Sources */,
				655DAB27183B5B4300703FA4 /* GDDContentListCell_ipad.m in Sources */,
				6583BFBE187A821F00B5683C /* GDDBusProvider.m in Sources */,
				65CA0D0C1856C9DF005249BB /* GDDFinishDownloadState.m in Sources */,
				65EA26571833138B00077EF4 /* GDDMenuRootController_ipad.m in Sources */,
				65571F1A1845D8BF00A7C1B7 /* GDDPlayMovieViewController_ipad.m in Sources */,
				65571F57184C3EE800A7C1B7 /* GDDLoginMessageModel.m in Sources */,
				65B32F68187D470B0028026C /* GDDHeXieViewController.m in Sources */,
				65CA0CE3185165AB005249BB /* NSMutableDictionary+SafeSetObject.m in Sources */,
				6534B26918153577000F83E9 /* main.m in Sources */,
				65CA0D2818598B7B005249BB /* GDDOfflineFilesViewController_iPad.m in Sources */,
				65571F4D184C31DD00A7C1B7 /* GDDLoginView_ipad.m in Sources */,
				655DAB49183C55C800703FA4 /* GDDFlickrEngine.m in Sources */,
				655DABB4183F08CF00703FA4 /* GDDOfflineContentListCell_ipad.m in Sources */,
				65571F3318482F4900A7C1B7 /* GDDLoginViewController_ipad.m in Sources */,
				655DAB29183B5B4300703FA4 /* GDDMenuRootCell_ipad.m in Sources */,
				65DDDB57186ABA5D0064DCBA /* GDDRemoteControlViewController.m in Sources */,
				6583BFC2187A894600B5683C /* GDDEquipmentView.m in Sources */,
				65B32F5E187D27220028026C /* GDDEquipmentModel.m in Sources */,
				65571F05184588F600A7C1B7 /* UIImageView+MKNetworkKitAdditions.m in Sources */,
				65571F54184C3EAF00A7C1B7 /* BaseModel.m in Sources */,
				65CA0D2618598B7B005249BB /* GDDMainViewController_ipad.m in Sources */,
				653A972F182B84DA000E4CAC /* GDDRealtimeDataToViewController.m in Sources */,
				65571F0F184599A200A7C1B7 /* GDDPlayPDFViewController_ipad.m in Sources */,
				65571F10184599A200A7C1B7 /* GDDPlayPNGAndJPGViewController_ipad.m in Sources */,
				655DAB43183C51F300703FA4 /* GDDEngine.m in Sources */,
				65818D2A1830C3C3001FF93C /* GDDAppDelegate.m in Sources */,
				65B32F66187D470B0028026C /* GDDFolderCell.m in Sources */,
				65571F2F18482CF000A7C1B7 /* GDDRealtimeEngine.m in Sources */,
				65A63A4D18220145004B6A18 /* GDDUIBarButtonItem.m in Sources */,
				65CA0D1318570016005249BB /* GDDDownloadWorkContext.m in Sources */,
				65571F2B1846E27900A7C1B7 /* GDDPlayAudioViewController_ipad.m in Sources */,
				65571EFC1845872100A7C1B7 /* UIAlertView+Blocks.m in Sources */,
				655DAB50183CC32400703FA4 /* GDDGenreDictionary.m in Sources */,
				655DAB9F183EF77600703FA4 /* GDDConstMapUtil.m in Sources */,
			);
			runOnlyForDeploymentPostprocessing = 0;
		};
		6534B2401815340F000F83E9 /* Sources */ = {
			isa = PBXSourcesBuildPhase;
			buildActionMask = 2147483647;
			files = (
				6534B2521815340F000F83E9 /* GDDriveTests.m in Sources */,
			);
			runOnlyForDeploymentPostprocessing = 0;
		};
/* End PBXSourcesBuildPhase section */

/* Begin PBXTargetDependency section */
		6534B24A1815340F000F83E9 /* PBXTargetDependency */ = {
			isa = PBXTargetDependency;
			target = 6534B2281815340F000F83E9 /* GDDrive */;
			targetProxy = 6534B2491815340F000F83E9 /* PBXContainerItemProxy */;
		};
/* End PBXTargetDependency section */

/* Begin PBXVariantGroup section */
		6534B24E1815340F000F83E9 /* InfoPlist.strings */ = {
			isa = PBXVariantGroup;
			children = (
				6534B24F1815340F000F83E9 /* en */,
			);
			name = InfoPlist.strings;
			sourceTree = "<group>";
		};
		6534B26218153577000F83E9 /* InfoPlist.strings */ = {
			isa = PBXVariantGroup;
			children = (
				6534B26318153577000F83E9 /* en */,
			);
			name = InfoPlist.strings;
			sourceTree = "<group>";
		};
		6548481A181767B800586C62 /* Main_iPad.storyboard */ = {
			isa = PBXVariantGroup;
			children = (
				6548481B181767B800586C62 /* Base */,
			);
			name = Main_iPad.storyboard;
			sourceTree = "<group>";
		};
		6548481C181767B800586C62 /* Main_iPhone.storyboard */ = {
			isa = PBXVariantGroup;
			children = (
				6548481D181767B800586C62 /* Base */,
			);
			name = Main_iPhone.storyboard;
			sourceTree = "<group>";
		};
/* End PBXVariantGroup section */

/* Begin XCBuildConfiguration section */
		6534B2531815340F000F83E9 /* Debug */ = {
			isa = XCBuildConfiguration;
			buildSettings = {
				ALWAYS_SEARCH_USER_PATHS = NO;
				ARCHS = "$(ARCHS_STANDARD_INCLUDING_64_BIT)";
				CLANG_CXX_LANGUAGE_STANDARD = "gnu++0x";
				CLANG_CXX_LIBRARY = "libc++";
				CLANG_ENABLE_MODULES = YES;
				CLANG_ENABLE_OBJC_ARC = YES;
				CLANG_WARN_BOOL_CONVERSION = YES;
				CLANG_WARN_CONSTANT_CONVERSION = YES;
				CLANG_WARN_DIRECT_OBJC_ISA_USAGE = YES_ERROR;
				CLANG_WARN_EMPTY_BODY = YES;
				CLANG_WARN_ENUM_CONVERSION = YES;
				CLANG_WARN_INT_CONVERSION = YES;
				CLANG_WARN_OBJC_ROOT_CLASS = YES_ERROR;
				CLANG_WARN__DUPLICATE_METHOD_MATCH = YES;
				"CODE_SIGN_IDENTITY[sdk=iphoneos*]" = "iPhone Developer";
				COPY_PHASE_STRIP = NO;
				GCC_C_LANGUAGE_STANDARD = gnu99;
				GCC_DYNAMIC_NO_PIC = NO;
				GCC_OPTIMIZATION_LEVEL = 0;
				GCC_PREPROCESSOR_DEFINITIONS = (
					"DEBUG=1",
					"$(inherited)",
				);
				GCC_SYMBOLS_PRIVATE_EXTERN = NO;
				GCC_WARN_64_TO_32_BIT_CONVERSION = YES;
				GCC_WARN_ABOUT_RETURN_TYPE = YES_ERROR;
				GCC_WARN_UNDECLARED_SELECTOR = YES;
				GCC_WARN_UNINITIALIZED_AUTOS = YES;
				GCC_WARN_UNUSED_FUNCTION = YES;
				GCC_WARN_UNUSED_VARIABLE = YES;
				IPHONEOS_DEPLOYMENT_TARGET = 7.0;
				ONLY_ACTIVE_ARCH = YES;
				SDKROOT = iphoneos;
				TARGETED_DEVICE_FAMILY = "1,2";
			};
			name = Debug;
		};
		6534B2541815340F000F83E9 /* Release */ = {
			isa = XCBuildConfiguration;
			buildSettings = {
				ALWAYS_SEARCH_USER_PATHS = NO;
				ARCHS = "$(ARCHS_STANDARD_INCLUDING_64_BIT)";
				CLANG_CXX_LANGUAGE_STANDARD = "gnu++0x";
				CLANG_CXX_LIBRARY = "libc++";
				CLANG_ENABLE_MODULES = YES;
				CLANG_ENABLE_OBJC_ARC = YES;
				CLANG_WARN_BOOL_CONVERSION = YES;
				CLANG_WARN_CONSTANT_CONVERSION = YES;
				CLANG_WARN_DIRECT_OBJC_ISA_USAGE = YES_ERROR;
				CLANG_WARN_EMPTY_BODY = YES;
				CLANG_WARN_ENUM_CONVERSION = YES;
				CLANG_WARN_INT_CONVERSION = YES;
				CLANG_WARN_OBJC_ROOT_CLASS = YES_ERROR;
				CLANG_WARN__DUPLICATE_METHOD_MATCH = YES;
				"CODE_SIGN_IDENTITY[sdk=iphoneos*]" = "iPhone Developer";
				COPY_PHASE_STRIP = YES;
				ENABLE_NS_ASSERTIONS = NO;
				GCC_C_LANGUAGE_STANDARD = gnu99;
				GCC_WARN_64_TO_32_BIT_CONVERSION = YES;
				GCC_WARN_ABOUT_RETURN_TYPE = YES_ERROR;
				GCC_WARN_UNDECLARED_SELECTOR = YES;
				GCC_WARN_UNINITIALIZED_AUTOS = YES;
				GCC_WARN_UNUSED_FUNCTION = YES;
				GCC_WARN_UNUSED_VARIABLE = YES;
				IPHONEOS_DEPLOYMENT_TARGET = 7.0;
				SDKROOT = iphoneos;
				TARGETED_DEVICE_FAMILY = "1,2";
				VALIDATE_PRODUCT = YES;
			};
			name = Release;
		};
		6534B2561815340F000F83E9 /* Debug */ = {
			isa = XCBuildConfiguration;
			baseConfigurationReference = 8EED2E58FE4F4FE1894BAA93 /* Pods.xcconfig */;
			buildSettings = {
				ASSETCATALOG_COMPILER_APPICON_NAME = AppIcon;
				ASSETCATALOG_COMPILER_LAUNCHIMAGE_NAME = LaunchImage;
				GCC_PRECOMPILE_PREFIX_HEADER = YES;
				GCC_PREFIX_HEADER = "GDDrive/GDDrive-Prefix.pch";
				INFOPLIST_FILE = "GDDrive/GDDrive-Info.plist";
				PRODUCT_NAME = "$(TARGET_NAME)";
				USER_HEADER_SEARCH_PATHS = "${SRCROOT}/**";
				WRAPPER_EXTENSION = app;
			};
			name = Debug;
		};
		6534B2571815340F000F83E9 /* Release */ = {
			isa = XCBuildConfiguration;
			baseConfigurationReference = 8EED2E58FE4F4FE1894BAA93 /* Pods.xcconfig */;
			buildSettings = {
				ASSETCATALOG_COMPILER_APPICON_NAME = AppIcon;
				ASSETCATALOG_COMPILER_LAUNCHIMAGE_NAME = LaunchImage;
				GCC_PRECOMPILE_PREFIX_HEADER = YES;
				GCC_PREFIX_HEADER = "GDDrive/GDDrive-Prefix.pch";
				INFOPLIST_FILE = "GDDrive/GDDrive-Info.plist";
				PRODUCT_NAME = "$(TARGET_NAME)";
				USER_HEADER_SEARCH_PATHS = "${SRCROOT}/**";
				WRAPPER_EXTENSION = app;
			};
			name = Release;
		};
		6534B2591815340F000F83E9 /* Debug */ = {
			isa = XCBuildConfiguration;
			buildSettings = {
				ARCHS = "$(ARCHS_STANDARD_INCLUDING_64_BIT)";
				BUNDLE_LOADER = "$(BUILT_PRODUCTS_DIR)/GDDrive.app/GDDrive";
				FRAMEWORK_SEARCH_PATHS = (
					"$(SDKROOT)/Developer/Library/Frameworks",
					"$(inherited)",
					"$(DEVELOPER_FRAMEWORKS_DIR)",
				);
				GCC_PRECOMPILE_PREFIX_HEADER = YES;
				GCC_PREFIX_HEADER = "GDDrive/GDDrive-Prefix.pch";
				GCC_PREPROCESSOR_DEFINITIONS = (
					"DEBUG=1",
					"$(inherited)",
				);
				INFOPLIST_FILE = "GDDriveTests/GDDriveTests-Info.plist";
				PRODUCT_NAME = "$(TARGET_NAME)";
				TEST_HOST = "$(BUNDLE_LOADER)";
				WRAPPER_EXTENSION = xctest;
			};
			name = Debug;
		};
		6534B25A1815340F000F83E9 /* Release */ = {
			isa = XCBuildConfiguration;
			buildSettings = {
				ARCHS = "$(ARCHS_STANDARD_INCLUDING_64_BIT)";
				BUNDLE_LOADER = "$(BUILT_PRODUCTS_DIR)/GDDrive.app/GDDrive";
				FRAMEWORK_SEARCH_PATHS = (
					"$(SDKROOT)/Developer/Library/Frameworks",
					"$(inherited)",
					"$(DEVELOPER_FRAMEWORKS_DIR)",
				);
				GCC_PRECOMPILE_PREFIX_HEADER = YES;
				GCC_PREFIX_HEADER = "GDDrive/GDDrive-Prefix.pch";
				INFOPLIST_FILE = "GDDriveTests/GDDriveTests-Info.plist";
				PRODUCT_NAME = "$(TARGET_NAME)";
				TEST_HOST = "$(BUNDLE_LOADER)";
				WRAPPER_EXTENSION = xctest;
			};
			name = Release;
		};
/* End XCBuildConfiguration section */

/* Begin XCConfigurationList section */
		6534B2241815340F000F83E9 /* Build configuration list for PBXProject "GDDrive" */ = {
			isa = XCConfigurationList;
			buildConfigurations = (
				6534B2531815340F000F83E9 /* Debug */,
				6534B2541815340F000F83E9 /* Release */,
			);
			defaultConfigurationIsVisible = 0;
			defaultConfigurationName = Release;
		};
		6534B2551815340F000F83E9 /* Build configuration list for PBXNativeTarget "GDDrive" */ = {
			isa = XCConfigurationList;
			buildConfigurations = (
				6534B2561815340F000F83E9 /* Debug */,
				6534B2571815340F000F83E9 /* Release */,
			);
			defaultConfigurationIsVisible = 0;
			defaultConfigurationName = Release;
		};
		6534B2581815340F000F83E9 /* Build configuration list for PBXNativeTarget "GDDriveTests" */ = {
			isa = XCConfigurationList;
			buildConfigurations = (
				6534B2591815340F000F83E9 /* Debug */,
				6534B25A1815340F000F83E9 /* Release */,
			);
			defaultConfigurationIsVisible = 0;
			defaultConfigurationName = Release;
		};
/* End XCConfigurationList section */
	};
	rootObject = 6534B2211815340F000F83E9 /* Project object */;
}
