PODS:
  - GDJson (0.3.0):
    - J2ObjC (= 0.8.6.1)
  - GDRealtime (0.3.1):
    - GDRealtime/default
  - GDRealtime/common (0.3.1):
    - GDRealtime/generated
    - Google-Diff-Match-Patch (~> 0.0.1)
    - GTMHTTPFetcher (~> 0.0.1)
  - GDRealtime/default (0.3.1):
    - GDRealtime/common
  - GDRealtime/generated (0.3.1):
    - GDRealtime/generated/api
    - GDRealtime/generated/channel
    - GDRealtime/generated/operation
    - GDRealtime/generated/services
  - GDRealtime/generated/api (0.3.1):
    - GDRealtime/generated/channel
  - GDRealtime/generated/channel (0.3.1):
    - GDRealtime/generated/operation
  - GDRealtime/generated/operation (0.3.1):
    - GDJson (~> 0.3.0)
  - GDRealtime/generated/services (0.3.1):
    - Google-API-Client/Common
    - Google-API-Client/Objects
    - Google-API-Client/Utilities
  - Google-API-Client/Common (0.0.1):
    - gtm-oauth2
    - GTMHTTPFetcher
    - SBJson
  - Google-API-Client/Objects (0.0.1):
    - gtm-oauth2
    - GTMHTTPFetcher
    - SBJson
  - Google-API-Client/Utilities (0.0.1):
    - gtm-oauth2
    - GTMHTTPFetcher
    - SBJson
  - Google-Diff-Match-Patch (0.0.1)
  - gtm-oauth2 (0.0.2):
    - gtm-oauth2/Core
    - GTMHTTPFetcher
    - SBJson
  - gtm-oauth2/Core (0.0.2):
    - gtm-oauth2/Core/Mac
    - gtm-oauth2/Core/Touch
    - GTMHTTPFetcher
    - SBJson
  - gtm-oauth2/Core/Mac (0.0.2):
    - GTMHTTPFetcher
    - SBJson
  - gtm-oauth2/Core/Touch (0.0.2):
    - GTMHTTPFetcher
    - SBJson
  - GTMHTTPFetcher (0.0.1):
    - SBJson
  - J2ObjC (0.8.6.1):
    - J2ObjC/lib/jre
  - J2ObjC/lib/jre (0.8.6.1)
  - PSStackedView (1.0)
  - SBJson (3.2)

DEPENDENCIES:
  - GDRealtime (from `https://github.com/goodow/GDRealtime.git`)
  - PSStackedView (~> 1.0)

EXTERNAL SOURCES:
  GDRealtime:
    :git: https://github.com/goodow/GDRealtime.git

SPEC CHECKSUMS:
  GDJson: 5d71fc0ae1defd784602f89a0b29313c96cd6a88
  GDRealtime: 0cc8bf0cd80f37d5b92f99db3173b93002bec845
  Google-API-Client: a5aea65083895ad2fa8eeca4747478215c9ac934
  Google-Diff-Match-Patch: 63f4950ecbd0bf3f7ccae48987e958fc825041d3
  gtm-oauth2: 92e23fbb4ab77c4f441ffc95e2bbbf174ea589c1
  GTMHTTPFetcher: b0af09f18ec87e7a5edeffcc8cb6449fdbf0e83f
  J2ObjC: bea4c24af35100985485c173958f1189aa0f0f6b
  PSStackedView: 734c9bd6fdae2576aa9403edef60ffcb5873a90e
  SBJson: e60b4dc22448c2ae1e754b523a4ab53408e85c8d

COCOAPODS: 0.27.1
